
Microsoft Visual Studio Solution File, Format Version 12.00
# Visual Studio 14
VisualStudioVersion = 14.0.24720.0
MinimumVisualStudioVersion = 10.0.40219.1
Project("{2150E333-8FDC-42A3-9474-1A3956D46DE8}") = "Android", "Android", "{3B1C73A4-3474-432D-896F-A505D75D4CDF}"
EndProject
Project("{FAE04EC0-301F-11D3-BF4B-00C04F79EFBC}") = "Engine.Core.Android", "Engine.Core.Android\Engine.Core.Android.csproj", "{36A8B9A3-F307-4901-8191-A66E62DA623B}"
EndProject
Project("{FAE04EC0-301F-11D3-BF4B-00C04F79EFBC}") = "Engine.Demo.Android", "Engine.Demo.Android\Engine.Demo.Android.csproj", "{E5257A21-9DB1-473A-B587-FF470B6FFDA7}"
EndProject
Project("{FAE04EC0-301F-11D3-BF4B-00C04F79EFBC}") = "Engine.Lib.Android", "Engine.Lib.Android\Engine.Lib.Android.csproj", "{A2FECD52-E212-42F6-A407-FBFF6162BB0B}"
EndProject
Project("{2150E333-8FDC-42A3-9474-1A3956D46DE8}") = "iOS", "iOS", "{DD4112FD-0666-4778-AC7C-160F0CB2D046}"
EndProject
Project("{FAE04EC0-301F-11D3-BF4B-00C04F79EFBC}") = "Engine.Core.iOS", "Engine.Core.iOS\Engine.Core.iOS.csproj", "{717D20F5-9278-48AF-B2D6-DB060A1619DB}"
EndProject
Project("{FAE04EC0-301F-11D3-BF4B-00C04F79EFBC}") = "Engine.Demo.iOS", "Engine.Demo.iOS\Engine.Demo.iOS.csproj", "{6FC17D77-0436-4E9F-B0F8-6CC9922A7CB6}"
EndProject
Project("{FAE04EC0-301F-11D3-BF4B-00C04F79EFBC}") = "Engine.Lib.iOS", "Engine.Lib.iOS\Engine.Lib.iOS.csproj", "{CED796E6-240A-47CF-BB2D-3FCD5EF5EF4F}"
EndProject
Project("{2150E333-8FDC-42A3-9474-1A3956D46DE8}") = "Windows", "Windows", "{01B81993-09B1-4422-86D1-BA2133CD82F8}"
EndProject
Project("{FAE04EC0-301F-11D3-BF4B-00C04F79EFBC}") = "Engine.Core.UW", "Engine.Core.UW\Engine.Core.UW.csproj", "{E9300DA4-BCAA-405A-BE33-13E9810D1E8E}"
EndProject
Project("{FAE04EC0-301F-11D3-BF4B-00C04F79EFBC}") = "Engine.Demo.UW", "Engine.Demo.UW\Engine.Demo.UW.csproj", "{73460527-E9C2-406F-8B29-51BECB67A442}"
EndProject
Project("{2150E333-8FDC-42A3-9474-1A3956D46DE8}") = "Core", "Core", "{A6550371-BDED-4919-9F69-7BBDC01304F6}"
EndProject
Project("{FAE04EC0-301F-11D3-BF4B-00C04F79EFBC}") = "Engine.Core", "Engine.Core\Engine.Core.csproj", "{05783864-B2CB-4F02-A2C4-5A10849BF565}"
EndProject
Project("{FAE04EC0-301F-11D3-BF4B-00C04F79EFBC}") = "Engine.Core.Models", "Engine.Core.Models\Engine.Core.Models.csproj", "{E89E1CB8-A83E-43EF-8BB7-FFFAD7C432A2}"
EndProject
Project("{FAE04EC0-301F-11D3-BF4B-00C04F79EFBC}") = "Engine.Core.ViewModels", "Engine.Core.ViewModels\Engine.Core.ViewModels.csproj", "{360F64F0-92AB-452D-A824-CC4BF131BC66}"
EndProject
Project("{FAE04EC0-301F-11D3-BF4B-00C04F79EFBC}") = "Engine.Core.Services", "Engine.Core.Services\Engine.Core.Services.csproj", "{2FBBB5FB-0DA5-4884-A981-DF6CDD378159}"
EndProject
Project("{2150E333-8FDC-42A3-9474-1A3956D46DE8}") = "Backend", "Backend", "{C68FAF1C-CED7-413A-B561-79B4DCC3F226}"
EndProject
Project("{FAE04EC0-301F-11D3-BF4B-00C04F79EFBC}") = "Engine.DataAPI", "Engine.DataAPI\Engine.DataAPI.csproj", "{E68AAFAE-2D4D-4A49-94C9-7805D9A6EB3A}"
EndProject
Project("{FAE04EC0-301F-11D3-BF4B-00C04F79EFBC}") = "Engine.API", "Engine.API\Engine.API.csproj", "{84E3937C-F7A3-4521-A6A9-702EC935A9A3}"
EndProject
Project("{FAE04EC0-301F-11D3-BF4B-00C04F79EFBC}") = "Engine.API.Tests", "Engine.API.Tests\Engine.API.Tests.csproj", "{25D7897F-3B9B-4B7A-80C9-D115C49825EE}"
EndProject
Project("{FAE04EC0-301F-11D3-BF4B-00C04F79EFBC}") = "Engine.Lib.UW", "Engine.Lib.UW\Engine.Lib.UW.csproj", "{B025FD3E-47EA-4348-B364-651486745C22}"
EndProject
Project("{FAE04EC0-301F-11D3-BF4B-00C04F79EFBC}") = "Engine.Lib.Core", "Engine.Lib.Core\Engine.Lib.Core.csproj", "{B455B48E-A605-4E0C-A558-F3CB3A34B654}"
EndProject
Global
	GlobalSection(SolutionConfigurationPlatforms) = preSolution
		Ad-Hoc|Any CPU = Ad-Hoc|Any CPU
		Ad-Hoc|ARM = Ad-Hoc|ARM
		Ad-Hoc|iPhone = Ad-Hoc|iPhone
		Ad-Hoc|iPhoneSimulator = Ad-Hoc|iPhoneSimulator
		Ad-Hoc|x64 = Ad-Hoc|x64
		Ad-Hoc|x86 = Ad-Hoc|x86
		AppStore|Any CPU = AppStore|Any CPU
		AppStore|ARM = AppStore|ARM
		AppStore|iPhone = AppStore|iPhone
		AppStore|iPhoneSimulator = AppStore|iPhoneSimulator
		AppStore|x64 = AppStore|x64
		AppStore|x86 = AppStore|x86
		Debug|Any CPU = Debug|Any CPU
		Debug|ARM = Debug|ARM
		Debug|iPhone = Debug|iPhone
		Debug|iPhoneSimulator = Debug|iPhoneSimulator
		Debug|x64 = Debug|x64
		Debug|x86 = Debug|x86
		Release|Any CPU = Release|Any CPU
		Release|ARM = Release|ARM
		Release|iPhone = Release|iPhone
		Release|iPhoneSimulator = Release|iPhoneSimulator
		Release|x64 = Release|x64
		Release|x86 = Release|x86
	EndGlobalSection
	GlobalSection(ProjectConfigurationPlatforms) = postSolution
		{36A8B9A3-F307-4901-8191-A66E62DA623B}.Ad-Hoc|Any CPU.ActiveCfg = Release|Any CPU
		{36A8B9A3-F307-4901-8191-A66E62DA623B}.Ad-Hoc|Any CPU.Build.0 = Release|Any CPU
		{36A8B9A3-F307-4901-8191-A66E62DA623B}.Ad-Hoc|ARM.ActiveCfg = Release|Any CPU
		{36A8B9A3-F307-4901-8191-A66E62DA623B}.Ad-Hoc|ARM.Build.0 = Release|Any CPU
		{36A8B9A3-F307-4901-8191-A66E62DA623B}.Ad-Hoc|iPhone.ActiveCfg = Release|Any CPU
		{36A8B9A3-F307-4901-8191-A66E62DA623B}.Ad-Hoc|iPhone.Build.0 = Release|Any CPU
		{36A8B9A3-F307-4901-8191-A66E62DA623B}.Ad-Hoc|iPhoneSimulator.ActiveCfg = Release|Any CPU
		{36A8B9A3-F307-4901-8191-A66E62DA623B}.Ad-Hoc|iPhoneSimulator.Build.0 = Release|Any CPU
		{36A8B9A3-F307-4901-8191-A66E62DA623B}.Ad-Hoc|x64.ActiveCfg = Release|Any CPU
		{36A8B9A3-F307-4901-8191-A66E62DA623B}.Ad-Hoc|x64.Build.0 = Release|Any CPU
		{36A8B9A3-F307-4901-8191-A66E62DA623B}.Ad-Hoc|x86.ActiveCfg = Release|Any CPU
		{36A8B9A3-F307-4901-8191-A66E62DA623B}.Ad-Hoc|x86.Build.0 = Release|Any CPU
		{36A8B9A3-F307-4901-8191-A66E62DA623B}.AppStore|Any CPU.ActiveCfg = Release|Any CPU
		{36A8B9A3-F307-4901-8191-A66E62DA623B}.AppStore|Any CPU.Build.0 = Release|Any CPU
		{36A8B9A3-F307-4901-8191-A66E62DA623B}.AppStore|ARM.ActiveCfg = Release|Any CPU
		{36A8B9A3-F307-4901-8191-A66E62DA623B}.AppStore|ARM.Build.0 = Release|Any CPU
		{36A8B9A3-F307-4901-8191-A66E62DA623B}.AppStore|iPhone.ActiveCfg = Release|Any CPU
		{36A8B9A3-F307-4901-8191-A66E62DA623B}.AppStore|iPhone.Build.0 = Release|Any CPU
		{36A8B9A3-F307-4901-8191-A66E62DA623B}.AppStore|iPhoneSimulator.ActiveCfg = Release|Any CPU
		{36A8B9A3-F307-4901-8191-A66E62DA623B}.AppStore|iPhoneSimulator.Build.0 = Release|Any CPU
		{36A8B9A3-F307-4901-8191-A66E62DA623B}.AppStore|x64.ActiveCfg = Release|Any CPU
		{36A8B9A3-F307-4901-8191-A66E62DA623B}.AppStore|x64.Build.0 = Release|Any CPU
		{36A8B9A3-F307-4901-8191-A66E62DA623B}.AppStore|x86.ActiveCfg = Release|Any CPU
		{36A8B9A3-F307-4901-8191-A66E62DA623B}.AppStore|x86.Build.0 = Release|Any CPU
		{36A8B9A3-F307-4901-8191-A66E62DA623B}.Debug|Any CPU.ActiveCfg = Debug|Any CPU
		{36A8B9A3-F307-4901-8191-A66E62DA623B}.Debug|Any CPU.Build.0 = Debug|Any CPU
		{36A8B9A3-F307-4901-8191-A66E62DA623B}.Debug|ARM.ActiveCfg = Debug|Any CPU
		{36A8B9A3-F307-4901-8191-A66E62DA623B}.Debug|ARM.Build.0 = Debug|Any CPU
		{36A8B9A3-F307-4901-8191-A66E62DA623B}.Debug|iPhone.ActiveCfg = Debug|Any CPU
		{36A8B9A3-F307-4901-8191-A66E62DA623B}.Debug|iPhone.Build.0 = Debug|Any CPU
		{36A8B9A3-F307-4901-8191-A66E62DA623B}.Debug|iPhoneSimulator.ActiveCfg = Debug|Any CPU
		{36A8B9A3-F307-4901-8191-A66E62DA623B}.Debug|iPhoneSimulator.Build.0 = Debug|Any CPU
		{36A8B9A3-F307-4901-8191-A66E62DA623B}.Debug|x64.ActiveCfg = Debug|Any CPU
		{36A8B9A3-F307-4901-8191-A66E62DA623B}.Debug|x64.Build.0 = Debug|Any CPU
		{36A8B9A3-F307-4901-8191-A66E62DA623B}.Debug|x86.ActiveCfg = Debug|Any CPU
		{36A8B9A3-F307-4901-8191-A66E62DA623B}.Debug|x86.Build.0 = Debug|Any CPU
		{36A8B9A3-F307-4901-8191-A66E62DA623B}.Release|Any CPU.ActiveCfg = Release|Any CPU
		{36A8B9A3-F307-4901-8191-A66E62DA623B}.Release|Any CPU.Build.0 = Release|Any CPU
		{36A8B9A3-F307-4901-8191-A66E62DA623B}.Release|ARM.ActiveCfg = Release|Any CPU
		{36A8B9A3-F307-4901-8191-A66E62DA623B}.Release|ARM.Build.0 = Release|Any CPU
		{36A8B9A3-F307-4901-8191-A66E62DA623B}.Release|iPhone.ActiveCfg = Release|Any CPU
		{36A8B9A3-F307-4901-8191-A66E62DA623B}.Release|iPhone.Build.0 = Release|Any CPU
		{36A8B9A3-F307-4901-8191-A66E62DA623B}.Release|iPhoneSimulator.ActiveCfg = Release|Any CPU
		{36A8B9A3-F307-4901-8191-A66E62DA623B}.Release|iPhoneSimulator.Build.0 = Release|Any CPU
		{36A8B9A3-F307-4901-8191-A66E62DA623B}.Release|x64.ActiveCfg = Release|Any CPU
		{36A8B9A3-F307-4901-8191-A66E62DA623B}.Release|x64.Build.0 = Release|Any CPU
		{36A8B9A3-F307-4901-8191-A66E62DA623B}.Release|x86.ActiveCfg = Release|Any CPU
		{36A8B9A3-F307-4901-8191-A66E62DA623B}.Release|x86.Build.0 = Release|Any CPU
		{E5257A21-9DB1-473A-B587-FF470B6FFDA7}.Ad-Hoc|Any CPU.ActiveCfg = Release|Any CPU
		{E5257A21-9DB1-473A-B587-FF470B6FFDA7}.Ad-Hoc|Any CPU.Build.0 = Release|Any CPU
		{E5257A21-9DB1-473A-B587-FF470B6FFDA7}.Ad-Hoc|Any CPU.Deploy.0 = Release|Any CPU
		{E5257A21-9DB1-473A-B587-FF470B6FFDA7}.Ad-Hoc|ARM.ActiveCfg = Release|Any CPU
		{E5257A21-9DB1-473A-B587-FF470B6FFDA7}.Ad-Hoc|ARM.Build.0 = Release|Any CPU
		{E5257A21-9DB1-473A-B587-FF470B6FFDA7}.Ad-Hoc|ARM.Deploy.0 = Release|Any CPU
		{E5257A21-9DB1-473A-B587-FF470B6FFDA7}.Ad-Hoc|iPhone.ActiveCfg = Release|Any CPU
		{E5257A21-9DB1-473A-B587-FF470B6FFDA7}.Ad-Hoc|iPhone.Build.0 = Release|Any CPU
		{E5257A21-9DB1-473A-B587-FF470B6FFDA7}.Ad-Hoc|iPhone.Deploy.0 = Release|Any CPU
		{E5257A21-9DB1-473A-B587-FF470B6FFDA7}.Ad-Hoc|iPhoneSimulator.ActiveCfg = Release|Any CPU
		{E5257A21-9DB1-473A-B587-FF470B6FFDA7}.Ad-Hoc|iPhoneSimulator.Build.0 = Release|Any CPU
		{E5257A21-9DB1-473A-B587-FF470B6FFDA7}.Ad-Hoc|iPhoneSimulator.Deploy.0 = Release|Any CPU
		{E5257A21-9DB1-473A-B587-FF470B6FFDA7}.Ad-Hoc|x64.ActiveCfg = Release|Any CPU
		{E5257A21-9DB1-473A-B587-FF470B6FFDA7}.Ad-Hoc|x64.Build.0 = Release|Any CPU
		{E5257A21-9DB1-473A-B587-FF470B6FFDA7}.Ad-Hoc|x64.Deploy.0 = Release|Any CPU
		{E5257A21-9DB1-473A-B587-FF470B6FFDA7}.Ad-Hoc|x86.ActiveCfg = Release|Any CPU
		{E5257A21-9DB1-473A-B587-FF470B6FFDA7}.Ad-Hoc|x86.Build.0 = Release|Any CPU
		{E5257A21-9DB1-473A-B587-FF470B6FFDA7}.Ad-Hoc|x86.Deploy.0 = Release|Any CPU
		{E5257A21-9DB1-473A-B587-FF470B6FFDA7}.AppStore|Any CPU.ActiveCfg = Release|Any CPU
		{E5257A21-9DB1-473A-B587-FF470B6FFDA7}.AppStore|Any CPU.Build.0 = Release|Any CPU
		{E5257A21-9DB1-473A-B587-FF470B6FFDA7}.AppStore|Any CPU.Deploy.0 = Release|Any CPU
		{E5257A21-9DB1-473A-B587-FF470B6FFDA7}.AppStore|ARM.ActiveCfg = Release|Any CPU
		{E5257A21-9DB1-473A-B587-FF470B6FFDA7}.AppStore|ARM.Build.0 = Release|Any CPU
		{E5257A21-9DB1-473A-B587-FF470B6FFDA7}.AppStore|ARM.Deploy.0 = Release|Any CPU
		{E5257A21-9DB1-473A-B587-FF470B6FFDA7}.AppStore|iPhone.ActiveCfg = Release|Any CPU
		{E5257A21-9DB1-473A-B587-FF470B6FFDA7}.AppStore|iPhone.Build.0 = Release|Any CPU
		{E5257A21-9DB1-473A-B587-FF470B6FFDA7}.AppStore|iPhone.Deploy.0 = Release|Any CPU
		{E5257A21-9DB1-473A-B587-FF470B6FFDA7}.AppStore|iPhoneSimulator.ActiveCfg = Release|Any CPU
		{E5257A21-9DB1-473A-B587-FF470B6FFDA7}.AppStore|iPhoneSimulator.Build.0 = Release|Any CPU
		{E5257A21-9DB1-473A-B587-FF470B6FFDA7}.AppStore|iPhoneSimulator.Deploy.0 = Release|Any CPU
		{E5257A21-9DB1-473A-B587-FF470B6FFDA7}.AppStore|x64.ActiveCfg = Release|Any CPU
		{E5257A21-9DB1-473A-B587-FF470B6FFDA7}.AppStore|x64.Build.0 = Release|Any CPU
		{E5257A21-9DB1-473A-B587-FF470B6FFDA7}.AppStore|x64.Deploy.0 = Release|Any CPU
		{E5257A21-9DB1-473A-B587-FF470B6FFDA7}.AppStore|x86.ActiveCfg = Release|Any CPU
		{E5257A21-9DB1-473A-B587-FF470B6FFDA7}.AppStore|x86.Build.0 = Release|Any CPU
		{E5257A21-9DB1-473A-B587-FF470B6FFDA7}.AppStore|x86.Deploy.0 = Release|Any CPU
		{E5257A21-9DB1-473A-B587-FF470B6FFDA7}.Debug|Any CPU.ActiveCfg = Debug|Any CPU
		{E5257A21-9DB1-473A-B587-FF470B6FFDA7}.Debug|Any CPU.Build.0 = Debug|Any CPU
		{E5257A21-9DB1-473A-B587-FF470B6FFDA7}.Debug|Any CPU.Deploy.0 = Debug|Any CPU
		{E5257A21-9DB1-473A-B587-FF470B6FFDA7}.Debug|ARM.ActiveCfg = Debug|Any CPU
		{E5257A21-9DB1-473A-B587-FF470B6FFDA7}.Debug|ARM.Build.0 = Debug|Any CPU
		{E5257A21-9DB1-473A-B587-FF470B6FFDA7}.Debug|ARM.Deploy.0 = Debug|Any CPU
		{E5257A21-9DB1-473A-B587-FF470B6FFDA7}.Debug|iPhone.ActiveCfg = Debug|Any CPU
		{E5257A21-9DB1-473A-B587-FF470B6FFDA7}.Debug|iPhone.Build.0 = Debug|Any CPU
		{E5257A21-9DB1-473A-B587-FF470B6FFDA7}.Debug|iPhone.Deploy.0 = Debug|Any CPU
		{E5257A21-9DB1-473A-B587-FF470B6FFDA7}.Debug|iPhoneSimulator.ActiveCfg = Debug|Any CPU
		{E5257A21-9DB1-473A-B587-FF470B6FFDA7}.Debug|iPhoneSimulator.Build.0 = Debug|Any CPU
		{E5257A21-9DB1-473A-B587-FF470B6FFDA7}.Debug|iPhoneSimulator.Deploy.0 = Debug|Any CPU
		{E5257A21-9DB1-473A-B587-FF470B6FFDA7}.Debug|x64.ActiveCfg = Debug|Any CPU
		{E5257A21-9DB1-473A-B587-FF470B6FFDA7}.Debug|x64.Build.0 = Debug|Any CPU
		{E5257A21-9DB1-473A-B587-FF470B6FFDA7}.Debug|x64.Deploy.0 = Debug|Any CPU
		{E5257A21-9DB1-473A-B587-FF470B6FFDA7}.Debug|x86.ActiveCfg = Debug|Any CPU
		{E5257A21-9DB1-473A-B587-FF470B6FFDA7}.Debug|x86.Build.0 = Debug|Any CPU
		{E5257A21-9DB1-473A-B587-FF470B6FFDA7}.Debug|x86.Deploy.0 = Debug|Any CPU
		{E5257A21-9DB1-473A-B587-FF470B6FFDA7}.Release|Any CPU.ActiveCfg = Release|Any CPU
		{E5257A21-9DB1-473A-B587-FF470B6FFDA7}.Release|Any CPU.Build.0 = Release|Any CPU
		{E5257A21-9DB1-473A-B587-FF470B6FFDA7}.Release|Any CPU.Deploy.0 = Release|Any CPU
		{E5257A21-9DB1-473A-B587-FF470B6FFDA7}.Release|ARM.ActiveCfg = Release|Any CPU
		{E5257A21-9DB1-473A-B587-FF470B6FFDA7}.Release|ARM.Build.0 = Release|Any CPU
		{E5257A21-9DB1-473A-B587-FF470B6FFDA7}.Release|ARM.Deploy.0 = Release|Any CPU
		{E5257A21-9DB1-473A-B587-FF470B6FFDA7}.Release|iPhone.ActiveCfg = Release|Any CPU
		{E5257A21-9DB1-473A-B587-FF470B6FFDA7}.Release|iPhone.Build.0 = Release|Any CPU
		{E5257A21-9DB1-473A-B587-FF470B6FFDA7}.Release|iPhone.Deploy.0 = Release|Any CPU
		{E5257A21-9DB1-473A-B587-FF470B6FFDA7}.Release|iPhoneSimulator.ActiveCfg = Release|Any CPU
		{E5257A21-9DB1-473A-B587-FF470B6FFDA7}.Release|iPhoneSimulator.Build.0 = Release|Any CPU
		{E5257A21-9DB1-473A-B587-FF470B6FFDA7}.Release|iPhoneSimulator.Deploy.0 = Release|Any CPU
		{E5257A21-9DB1-473A-B587-FF470B6FFDA7}.Release|x64.ActiveCfg = Release|Any CPU
		{E5257A21-9DB1-473A-B587-FF470B6FFDA7}.Release|x64.Build.0 = Release|Any CPU
		{E5257A21-9DB1-473A-B587-FF470B6FFDA7}.Release|x64.Deploy.0 = Release|Any CPU
		{E5257A21-9DB1-473A-B587-FF470B6FFDA7}.Release|x86.ActiveCfg = Release|Any CPU
		{E5257A21-9DB1-473A-B587-FF470B6FFDA7}.Release|x86.Build.0 = Release|Any CPU
		{E5257A21-9DB1-473A-B587-FF470B6FFDA7}.Release|x86.Deploy.0 = Release|Any CPU
		{A2FECD52-E212-42F6-A407-FBFF6162BB0B}.Ad-Hoc|Any CPU.ActiveCfg = Release|Any CPU
		{A2FECD52-E212-42F6-A407-FBFF6162BB0B}.Ad-Hoc|Any CPU.Build.0 = Release|Any CPU
		{A2FECD52-E212-42F6-A407-FBFF6162BB0B}.Ad-Hoc|ARM.ActiveCfg = Release|Any CPU
		{A2FECD52-E212-42F6-A407-FBFF6162BB0B}.Ad-Hoc|ARM.Build.0 = Release|Any CPU
		{A2FECD52-E212-42F6-A407-FBFF6162BB0B}.Ad-Hoc|iPhone.ActiveCfg = Release|Any CPU
		{A2FECD52-E212-42F6-A407-FBFF6162BB0B}.Ad-Hoc|iPhone.Build.0 = Release|Any CPU
		{A2FECD52-E212-42F6-A407-FBFF6162BB0B}.Ad-Hoc|iPhoneSimulator.ActiveCfg = Release|Any CPU
		{A2FECD52-E212-42F6-A407-FBFF6162BB0B}.Ad-Hoc|iPhoneSimulator.Build.0 = Release|Any CPU
		{A2FECD52-E212-42F6-A407-FBFF6162BB0B}.Ad-Hoc|x64.ActiveCfg = Release|Any CPU
		{A2FECD52-E212-42F6-A407-FBFF6162BB0B}.Ad-Hoc|x64.Build.0 = Release|Any CPU
		{A2FECD52-E212-42F6-A407-FBFF6162BB0B}.Ad-Hoc|x86.ActiveCfg = Release|Any CPU
		{A2FECD52-E212-42F6-A407-FBFF6162BB0B}.Ad-Hoc|x86.Build.0 = Release|Any CPU
		{A2FECD52-E212-42F6-A407-FBFF6162BB0B}.AppStore|Any CPU.ActiveCfg = Release|Any CPU
		{A2FECD52-E212-42F6-A407-FBFF6162BB0B}.AppStore|Any CPU.Build.0 = Release|Any CPU
		{A2FECD52-E212-42F6-A407-FBFF6162BB0B}.AppStore|ARM.ActiveCfg = Release|Any CPU
		{A2FECD52-E212-42F6-A407-FBFF6162BB0B}.AppStore|ARM.Build.0 = Release|Any CPU
		{A2FECD52-E212-42F6-A407-FBFF6162BB0B}.AppStore|iPhone.ActiveCfg = Release|Any CPU
		{A2FECD52-E212-42F6-A407-FBFF6162BB0B}.AppStore|iPhone.Build.0 = Release|Any CPU
		{A2FECD52-E212-42F6-A407-FBFF6162BB0B}.AppStore|iPhoneSimulator.ActiveCfg = Release|Any CPU
		{A2FECD52-E212-42F6-A407-FBFF6162BB0B}.AppStore|iPhoneSimulator.Build.0 = Release|Any CPU
		{A2FECD52-E212-42F6-A407-FBFF6162BB0B}.AppStore|x64.ActiveCfg = Release|Any CPU
		{A2FECD52-E212-42F6-A407-FBFF6162BB0B}.AppStore|x64.Build.0 = Release|Any CPU
		{A2FECD52-E212-42F6-A407-FBFF6162BB0B}.AppStore|x86.ActiveCfg = Release|Any CPU
		{A2FECD52-E212-42F6-A407-FBFF6162BB0B}.AppStore|x86.Build.0 = Release|Any CPU
		{A2FECD52-E212-42F6-A407-FBFF6162BB0B}.Debug|Any CPU.ActiveCfg = Debug|Any CPU
		{A2FECD52-E212-42F6-A407-FBFF6162BB0B}.Debug|Any CPU.Build.0 = Debug|Any CPU
		{A2FECD52-E212-42F6-A407-FBFF6162BB0B}.Debug|ARM.ActiveCfg = Debug|Any CPU
		{A2FECD52-E212-42F6-A407-FBFF6162BB0B}.Debug|ARM.Build.0 = Debug|Any CPU
		{A2FECD52-E212-42F6-A407-FBFF6162BB0B}.Debug|iPhone.ActiveCfg = Debug|Any CPU
		{A2FECD52-E212-42F6-A407-FBFF6162BB0B}.Debug|iPhone.Build.0 = Debug|Any CPU
		{A2FECD52-E212-42F6-A407-FBFF6162BB0B}.Debug|iPhoneSimulator.ActiveCfg = Debug|Any CPU
		{A2FECD52-E212-42F6-A407-FBFF6162BB0B}.Debug|iPhoneSimulator.Build.0 = Debug|Any CPU
		{A2FECD52-E212-42F6-A407-FBFF6162BB0B}.Debug|x64.ActiveCfg = Debug|Any CPU
		{A2FECD52-E212-42F6-A407-FBFF6162BB0B}.Debug|x64.Build.0 = Debug|Any CPU
		{A2FECD52-E212-42F6-A407-FBFF6162BB0B}.Debug|x86.ActiveCfg = Debug|Any CPU
		{A2FECD52-E212-42F6-A407-FBFF6162BB0B}.Debug|x86.Build.0 = Debug|Any CPU
		{A2FECD52-E212-42F6-A407-FBFF6162BB0B}.Release|Any CPU.ActiveCfg = Release|Any CPU
		{A2FECD52-E212-42F6-A407-FBFF6162BB0B}.Release|Any CPU.Build.0 = Release|Any CPU
		{A2FECD52-E212-42F6-A407-FBFF6162BB0B}.Release|ARM.ActiveCfg = Release|Any CPU
		{A2FECD52-E212-42F6-A407-FBFF6162BB0B}.Release|ARM.Build.0 = Release|Any CPU
		{A2FECD52-E212-42F6-A407-FBFF6162BB0B}.Release|iPhone.ActiveCfg = Release|Any CPU
		{A2FECD52-E212-42F6-A407-FBFF6162BB0B}.Release|iPhone.Build.0 = Release|Any CPU
		{A2FECD52-E212-42F6-A407-FBFF6162BB0B}.Release|iPhoneSimulator.ActiveCfg = Release|Any CPU
		{A2FECD52-E212-42F6-A407-FBFF6162BB0B}.Release|iPhoneSimulator.Build.0 = Release|Any CPU
		{A2FECD52-E212-42F6-A407-FBFF6162BB0B}.Release|x64.ActiveCfg = Release|Any CPU
		{A2FECD52-E212-42F6-A407-FBFF6162BB0B}.Release|x64.Build.0 = Release|Any CPU
		{A2FECD52-E212-42F6-A407-FBFF6162BB0B}.Release|x86.ActiveCfg = Release|Any CPU
		{A2FECD52-E212-42F6-A407-FBFF6162BB0B}.Release|x86.Build.0 = Release|Any CPU
		{717D20F5-9278-48AF-B2D6-DB060A1619DB}.Ad-Hoc|Any CPU.ActiveCfg = AppStore|Any CPU
		{717D20F5-9278-48AF-B2D6-DB060A1619DB}.Ad-Hoc|Any CPU.Build.0 = AppStore|Any CPU
		{717D20F5-9278-48AF-B2D6-DB060A1619DB}.Ad-Hoc|ARM.ActiveCfg = AppStore|Any CPU
		{717D20F5-9278-48AF-B2D6-DB060A1619DB}.Ad-Hoc|ARM.Build.0 = AppStore|Any CPU
		{717D20F5-9278-48AF-B2D6-DB060A1619DB}.Ad-Hoc|iPhone.ActiveCfg = AppStore|Any CPU
		{717D20F5-9278-48AF-B2D6-DB060A1619DB}.Ad-Hoc|iPhone.Build.0 = AppStore|Any CPU
		{717D20F5-9278-48AF-B2D6-DB060A1619DB}.Ad-Hoc|iPhoneSimulator.ActiveCfg = AppStore|Any CPU
		{717D20F5-9278-48AF-B2D6-DB060A1619DB}.Ad-Hoc|iPhoneSimulator.Build.0 = AppStore|Any CPU
		{717D20F5-9278-48AF-B2D6-DB060A1619DB}.Ad-Hoc|x64.ActiveCfg = AppStore|Any CPU
		{717D20F5-9278-48AF-B2D6-DB060A1619DB}.Ad-Hoc|x64.Build.0 = AppStore|Any CPU
		{717D20F5-9278-48AF-B2D6-DB060A1619DB}.Ad-Hoc|x86.ActiveCfg = AppStore|Any CPU
		{717D20F5-9278-48AF-B2D6-DB060A1619DB}.Ad-Hoc|x86.Build.0 = AppStore|Any CPU
		{717D20F5-9278-48AF-B2D6-DB060A1619DB}.AppStore|Any CPU.ActiveCfg = AppStore|Any CPU
		{717D20F5-9278-48AF-B2D6-DB060A1619DB}.AppStore|Any CPU.Build.0 = AppStore|Any CPU
		{717D20F5-9278-48AF-B2D6-DB060A1619DB}.AppStore|ARM.ActiveCfg = AppStore|Any CPU
		{717D20F5-9278-48AF-B2D6-DB060A1619DB}.AppStore|ARM.Build.0 = AppStore|Any CPU
		{717D20F5-9278-48AF-B2D6-DB060A1619DB}.AppStore|iPhone.ActiveCfg = AppStore|Any CPU
		{717D20F5-9278-48AF-B2D6-DB060A1619DB}.AppStore|iPhone.Build.0 = AppStore|Any CPU
		{717D20F5-9278-48AF-B2D6-DB060A1619DB}.AppStore|iPhoneSimulator.ActiveCfg = AppStore|Any CPU
		{717D20F5-9278-48AF-B2D6-DB060A1619DB}.AppStore|iPhoneSimulator.Build.0 = AppStore|Any CPU
		{717D20F5-9278-48AF-B2D6-DB060A1619DB}.AppStore|x64.ActiveCfg = AppStore|Any CPU
		{717D20F5-9278-48AF-B2D6-DB060A1619DB}.AppStore|x64.Build.0 = AppStore|Any CPU
		{717D20F5-9278-48AF-B2D6-DB060A1619DB}.AppStore|x86.ActiveCfg = AppStore|Any CPU
		{717D20F5-9278-48AF-B2D6-DB060A1619DB}.AppStore|x86.Build.0 = AppStore|Any CPU
		{717D20F5-9278-48AF-B2D6-DB060A1619DB}.Debug|Any CPU.ActiveCfg = Debug|Any CPU
		{717D20F5-9278-48AF-B2D6-DB060A1619DB}.Debug|Any CPU.Build.0 = Debug|Any CPU
		{717D20F5-9278-48AF-B2D6-DB060A1619DB}.Debug|ARM.ActiveCfg = Debug|Any CPU
		{717D20F5-9278-48AF-B2D6-DB060A1619DB}.Debug|ARM.Build.0 = Debug|Any CPU
		{717D20F5-9278-48AF-B2D6-DB060A1619DB}.Debug|iPhone.ActiveCfg = Debug|Any CPU
		{717D20F5-9278-48AF-B2D6-DB060A1619DB}.Debug|iPhone.Build.0 = Debug|Any CPU
		{717D20F5-9278-48AF-B2D6-DB060A1619DB}.Debug|iPhoneSimulator.ActiveCfg = Debug|Any CPU
		{717D20F5-9278-48AF-B2D6-DB060A1619DB}.Debug|iPhoneSimulator.Build.0 = Debug|Any CPU
		{717D20F5-9278-48AF-B2D6-DB060A1619DB}.Debug|x64.ActiveCfg = Debug|Any CPU
		{717D20F5-9278-48AF-B2D6-DB060A1619DB}.Debug|x64.Build.0 = Debug|Any CPU
		{717D20F5-9278-48AF-B2D6-DB060A1619DB}.Debug|x86.ActiveCfg = Debug|Any CPU
		{717D20F5-9278-48AF-B2D6-DB060A1619DB}.Debug|x86.Build.0 = Debug|Any CPU
		{717D20F5-9278-48AF-B2D6-DB060A1619DB}.Release|Any CPU.ActiveCfg = Release|Any CPU
		{717D20F5-9278-48AF-B2D6-DB060A1619DB}.Release|Any CPU.Build.0 = Release|Any CPU
		{717D20F5-9278-48AF-B2D6-DB060A1619DB}.Release|ARM.ActiveCfg = Release|Any CPU
		{717D20F5-9278-48AF-B2D6-DB060A1619DB}.Release|ARM.Build.0 = Release|Any CPU
		{717D20F5-9278-48AF-B2D6-DB060A1619DB}.Release|iPhone.ActiveCfg = Release|Any CPU
		{717D20F5-9278-48AF-B2D6-DB060A1619DB}.Release|iPhone.Build.0 = Release|Any CPU
		{717D20F5-9278-48AF-B2D6-DB060A1619DB}.Release|iPhoneSimulator.ActiveCfg = Release|Any CPU
		{717D20F5-9278-48AF-B2D6-DB060A1619DB}.Release|iPhoneSimulator.Build.0 = Release|Any CPU
		{717D20F5-9278-48AF-B2D6-DB060A1619DB}.Release|x64.ActiveCfg = Release|Any CPU
		{717D20F5-9278-48AF-B2D6-DB060A1619DB}.Release|x64.Build.0 = Release|Any CPU
		{717D20F5-9278-48AF-B2D6-DB060A1619DB}.Release|x86.ActiveCfg = Release|Any CPU
		{717D20F5-9278-48AF-B2D6-DB060A1619DB}.Release|x86.Build.0 = Release|Any CPU
		{6FC17D77-0436-4E9F-B0F8-6CC9922A7CB6}.Ad-Hoc|Any CPU.ActiveCfg = Ad-Hoc|iPhone
		{6FC17D77-0436-4E9F-B0F8-6CC9922A7CB6}.Ad-Hoc|ARM.ActiveCfg = Ad-Hoc|iPhone
		{6FC17D77-0436-4E9F-B0F8-6CC9922A7CB6}.Ad-Hoc|iPhone.ActiveCfg = Ad-Hoc|iPhone
		{6FC17D77-0436-4E9F-B0F8-6CC9922A7CB6}.Ad-Hoc|iPhone.Build.0 = Ad-Hoc|iPhone
		{6FC17D77-0436-4E9F-B0F8-6CC9922A7CB6}.Ad-Hoc|iPhoneSimulator.ActiveCfg = Ad-Hoc|iPhoneSimulator
		{6FC17D77-0436-4E9F-B0F8-6CC9922A7CB6}.Ad-Hoc|iPhoneSimulator.Build.0 = Ad-Hoc|iPhoneSimulator
		{6FC17D77-0436-4E9F-B0F8-6CC9922A7CB6}.Ad-Hoc|x64.ActiveCfg = Ad-Hoc|iPhone
		{6FC17D77-0436-4E9F-B0F8-6CC9922A7CB6}.Ad-Hoc|x86.ActiveCfg = Ad-Hoc|iPhone
		{6FC17D77-0436-4E9F-B0F8-6CC9922A7CB6}.AppStore|Any CPU.ActiveCfg = AppStore|iPhone
		{6FC17D77-0436-4E9F-B0F8-6CC9922A7CB6}.AppStore|ARM.ActiveCfg = AppStore|iPhone
		{6FC17D77-0436-4E9F-B0F8-6CC9922A7CB6}.AppStore|iPhone.ActiveCfg = AppStore|iPhone
		{6FC17D77-0436-4E9F-B0F8-6CC9922A7CB6}.AppStore|iPhone.Build.0 = AppStore|iPhone
		{6FC17D77-0436-4E9F-B0F8-6CC9922A7CB6}.AppStore|iPhoneSimulator.ActiveCfg = AppStore|iPhoneSimulator
		{6FC17D77-0436-4E9F-B0F8-6CC9922A7CB6}.AppStore|iPhoneSimulator.Build.0 = AppStore|iPhoneSimulator
		{6FC17D77-0436-4E9F-B0F8-6CC9922A7CB6}.AppStore|x64.ActiveCfg = AppStore|iPhone
		{6FC17D77-0436-4E9F-B0F8-6CC9922A7CB6}.AppStore|x86.ActiveCfg = AppStore|iPhone
		{6FC17D77-0436-4E9F-B0F8-6CC9922A7CB6}.Debug|Any CPU.ActiveCfg = Debug|iPhone
		{6FC17D77-0436-4E9F-B0F8-6CC9922A7CB6}.Debug|ARM.ActiveCfg = Debug|iPhone
		{6FC17D77-0436-4E9F-B0F8-6CC9922A7CB6}.Debug|iPhone.ActiveCfg = Debug|iPhone
		{6FC17D77-0436-4E9F-B0F8-6CC9922A7CB6}.Debug|iPhone.Build.0 = Debug|iPhone
		{6FC17D77-0436-4E9F-B0F8-6CC9922A7CB6}.Debug|iPhoneSimulator.ActiveCfg = Debug|iPhoneSimulator
		{6FC17D77-0436-4E9F-B0F8-6CC9922A7CB6}.Debug|iPhoneSimulator.Build.0 = Debug|iPhoneSimulator
		{6FC17D77-0436-4E9F-B0F8-6CC9922A7CB6}.Debug|x64.ActiveCfg = Debug|iPhone
		{6FC17D77-0436-4E9F-B0F8-6CC9922A7CB6}.Debug|x86.ActiveCfg = Debug|iPhone
		{6FC17D77-0436-4E9F-B0F8-6CC9922A7CB6}.Release|Any CPU.ActiveCfg = Release|iPhone
		{6FC17D77-0436-4E9F-B0F8-6CC9922A7CB6}.Release|ARM.ActiveCfg = Release|iPhone
		{6FC17D77-0436-4E9F-B0F8-6CC9922A7CB6}.Release|iPhone.ActiveCfg = Release|iPhone
		{6FC17D77-0436-4E9F-B0F8-6CC9922A7CB6}.Release|iPhone.Build.0 = Release|iPhone
		{6FC17D77-0436-4E9F-B0F8-6CC9922A7CB6}.Release|iPhoneSimulator.ActiveCfg = Release|iPhoneSimulator
		{6FC17D77-0436-4E9F-B0F8-6CC9922A7CB6}.Release|iPhoneSimulator.Build.0 = Release|iPhoneSimulator
		{6FC17D77-0436-4E9F-B0F8-6CC9922A7CB6}.Release|x64.ActiveCfg = Release|iPhone
		{6FC17D77-0436-4E9F-B0F8-6CC9922A7CB6}.Release|x86.ActiveCfg = Release|iPhone
		{CED796E6-240A-47CF-BB2D-3FCD5EF5EF4F}.Ad-Hoc|Any CPU.ActiveCfg = Release|Any CPU
		{CED796E6-240A-47CF-BB2D-3FCD5EF5EF4F}.Ad-Hoc|Any CPU.Build.0 = Release|Any CPU
		{CED796E6-240A-47CF-BB2D-3FCD5EF5EF4F}.Ad-Hoc|ARM.ActiveCfg = Release|Any CPU
		{CED796E6-240A-47CF-BB2D-3FCD5EF5EF4F}.Ad-Hoc|ARM.Build.0 = Release|Any CPU
		{CED796E6-240A-47CF-BB2D-3FCD5EF5EF4F}.Ad-Hoc|iPhone.ActiveCfg = Release|Any CPU
		{CED796E6-240A-47CF-BB2D-3FCD5EF5EF4F}.Ad-Hoc|iPhone.Build.0 = Release|Any CPU
		{CED796E6-240A-47CF-BB2D-3FCD5EF5EF4F}.Ad-Hoc|iPhoneSimulator.ActiveCfg = Release|Any CPU
		{CED796E6-240A-47CF-BB2D-3FCD5EF5EF4F}.Ad-Hoc|iPhoneSimulator.Build.0 = Release|Any CPU
		{CED796E6-240A-47CF-BB2D-3FCD5EF5EF4F}.Ad-Hoc|x64.ActiveCfg = Release|Any CPU
		{CED796E6-240A-47CF-BB2D-3FCD5EF5EF4F}.Ad-Hoc|x64.Build.0 = Release|Any CPU
		{CED796E6-240A-47CF-BB2D-3FCD5EF5EF4F}.Ad-Hoc|x86.ActiveCfg = Release|Any CPU
		{CED796E6-240A-47CF-BB2D-3FCD5EF5EF4F}.Ad-Hoc|x86.Build.0 = Release|Any CPU
		{CED796E6-240A-47CF-BB2D-3FCD5EF5EF4F}.AppStore|Any CPU.ActiveCfg = Release|Any CPU
		{CED796E6-240A-47CF-BB2D-3FCD5EF5EF4F}.AppStore|Any CPU.Build.0 = Release|Any CPU
		{CED796E6-240A-47CF-BB2D-3FCD5EF5EF4F}.AppStore|ARM.ActiveCfg = Release|Any CPU
		{CED796E6-240A-47CF-BB2D-3FCD5EF5EF4F}.AppStore|ARM.Build.0 = Release|Any CPU
		{CED796E6-240A-47CF-BB2D-3FCD5EF5EF4F}.AppStore|iPhone.ActiveCfg = Release|Any CPU
		{CED796E6-240A-47CF-BB2D-3FCD5EF5EF4F}.AppStore|iPhone.Build.0 = Release|Any CPU
		{CED796E6-240A-47CF-BB2D-3FCD5EF5EF4F}.AppStore|iPhoneSimulator.ActiveCfg = Release|Any CPU
		{CED796E6-240A-47CF-BB2D-3FCD5EF5EF4F}.AppStore|iPhoneSimulator.Build.0 = Release|Any CPU
		{CED796E6-240A-47CF-BB2D-3FCD5EF5EF4F}.AppStore|x64.ActiveCfg = Release|Any CPU
		{CED796E6-240A-47CF-BB2D-3FCD5EF5EF4F}.AppStore|x64.Build.0 = Release|Any CPU
		{CED796E6-240A-47CF-BB2D-3FCD5EF5EF4F}.AppStore|x86.ActiveCfg = Release|Any CPU
		{CED796E6-240A-47CF-BB2D-3FCD5EF5EF4F}.AppStore|x86.Build.0 = Release|Any CPU
		{CED796E6-240A-47CF-BB2D-3FCD5EF5EF4F}.Debug|Any CPU.ActiveCfg = Debug|Any CPU
		{CED796E6-240A-47CF-BB2D-3FCD5EF5EF4F}.Debug|Any CPU.Build.0 = Debug|Any CPU
		{CED796E6-240A-47CF-BB2D-3FCD5EF5EF4F}.Debug|ARM.ActiveCfg = Debug|Any CPU
		{CED796E6-240A-47CF-BB2D-3FCD5EF5EF4F}.Debug|ARM.Build.0 = Debug|Any CPU
		{CED796E6-240A-47CF-BB2D-3FCD5EF5EF4F}.Debug|iPhone.ActiveCfg = Debug|Any CPU
		{CED796E6-240A-47CF-BB2D-3FCD5EF5EF4F}.Debug|iPhone.Build.0 = Debug|Any CPU
		{CED796E6-240A-47CF-BB2D-3FCD5EF5EF4F}.Debug|iPhoneSimulator.ActiveCfg = Debug|Any CPU
		{CED796E6-240A-47CF-BB2D-3FCD5EF5EF4F}.Debug|iPhoneSimulator.Build.0 = Debug|Any CPU
		{CED796E6-240A-47CF-BB2D-3FCD5EF5EF4F}.Debug|x64.ActiveCfg = Debug|Any CPU
		{CED796E6-240A-47CF-BB2D-3FCD5EF5EF4F}.Debug|x64.Build.0 = Debug|Any CPU
		{CED796E6-240A-47CF-BB2D-3FCD5EF5EF4F}.Debug|x86.ActiveCfg = Debug|Any CPU
		{CED796E6-240A-47CF-BB2D-3FCD5EF5EF4F}.Debug|x86.Build.0 = Debug|Any CPU
		{CED796E6-240A-47CF-BB2D-3FCD5EF5EF4F}.Release|Any CPU.ActiveCfg = Release|Any CPU
		{CED796E6-240A-47CF-BB2D-3FCD5EF5EF4F}.Release|Any CPU.Build.0 = Release|Any CPU
		{CED796E6-240A-47CF-BB2D-3FCD5EF5EF4F}.Release|ARM.ActiveCfg = Release|Any CPU
		{CED796E6-240A-47CF-BB2D-3FCD5EF5EF4F}.Release|ARM.Build.0 = Release|Any CPU
		{CED796E6-240A-47CF-BB2D-3FCD5EF5EF4F}.Release|iPhone.ActiveCfg = Release|Any CPU
		{CED796E6-240A-47CF-BB2D-3FCD5EF5EF4F}.Release|iPhone.Build.0 = Release|Any CPU
		{CED796E6-240A-47CF-BB2D-3FCD5EF5EF4F}.Release|iPhoneSimulator.ActiveCfg = Release|Any CPU
		{CED796E6-240A-47CF-BB2D-3FCD5EF5EF4F}.Release|iPhoneSimulator.Build.0 = Release|Any CPU
		{CED796E6-240A-47CF-BB2D-3FCD5EF5EF4F}.Release|x64.ActiveCfg = Release|Any CPU
		{CED796E6-240A-47CF-BB2D-3FCD5EF5EF4F}.Release|x64.Build.0 = Release|Any CPU
		{CED796E6-240A-47CF-BB2D-3FCD5EF5EF4F}.Release|x86.ActiveCfg = Release|Any CPU
		{CED796E6-240A-47CF-BB2D-3FCD5EF5EF4F}.Release|x86.Build.0 = Release|Any CPU
		{E9300DA4-BCAA-405A-BE33-13E9810D1E8E}.Ad-Hoc|Any CPU.ActiveCfg = Release|Any CPU
		{E9300DA4-BCAA-405A-BE33-13E9810D1E8E}.Ad-Hoc|Any CPU.Build.0 = Release|Any CPU
		{E9300DA4-BCAA-405A-BE33-13E9810D1E8E}.Ad-Hoc|ARM.ActiveCfg = Release|ARM
		{E9300DA4-BCAA-405A-BE33-13E9810D1E8E}.Ad-Hoc|ARM.Build.0 = Release|ARM
		{E9300DA4-BCAA-405A-BE33-13E9810D1E8E}.Ad-Hoc|iPhone.ActiveCfg = Release|Any CPU
		{E9300DA4-BCAA-405A-BE33-13E9810D1E8E}.Ad-Hoc|iPhone.Build.0 = Release|Any CPU
		{E9300DA4-BCAA-405A-BE33-13E9810D1E8E}.Ad-Hoc|iPhoneSimulator.ActiveCfg = Release|Any CPU
		{E9300DA4-BCAA-405A-BE33-13E9810D1E8E}.Ad-Hoc|iPhoneSimulator.Build.0 = Release|Any CPU
		{E9300DA4-BCAA-405A-BE33-13E9810D1E8E}.Ad-Hoc|x64.ActiveCfg = Release|x64
		{E9300DA4-BCAA-405A-BE33-13E9810D1E8E}.Ad-Hoc|x64.Build.0 = Release|x64
		{E9300DA4-BCAA-405A-BE33-13E9810D1E8E}.Ad-Hoc|x86.ActiveCfg = Release|x86
		{E9300DA4-BCAA-405A-BE33-13E9810D1E8E}.Ad-Hoc|x86.Build.0 = Release|x86
		{E9300DA4-BCAA-405A-BE33-13E9810D1E8E}.AppStore|Any CPU.ActiveCfg = Release|Any CPU
		{E9300DA4-BCAA-405A-BE33-13E9810D1E8E}.AppStore|Any CPU.Build.0 = Release|Any CPU
		{E9300DA4-BCAA-405A-BE33-13E9810D1E8E}.AppStore|ARM.ActiveCfg = Release|ARM
		{E9300DA4-BCAA-405A-BE33-13E9810D1E8E}.AppStore|ARM.Build.0 = Release|ARM
		{E9300DA4-BCAA-405A-BE33-13E9810D1E8E}.AppStore|iPhone.ActiveCfg = Release|Any CPU
		{E9300DA4-BCAA-405A-BE33-13E9810D1E8E}.AppStore|iPhone.Build.0 = Release|Any CPU
		{E9300DA4-BCAA-405A-BE33-13E9810D1E8E}.AppStore|iPhoneSimulator.ActiveCfg = Release|Any CPU
		{E9300DA4-BCAA-405A-BE33-13E9810D1E8E}.AppStore|iPhoneSimulator.Build.0 = Release|Any CPU
		{E9300DA4-BCAA-405A-BE33-13E9810D1E8E}.AppStore|x64.ActiveCfg = Release|x64
		{E9300DA4-BCAA-405A-BE33-13E9810D1E8E}.AppStore|x64.Build.0 = Release|x64
		{E9300DA4-BCAA-405A-BE33-13E9810D1E8E}.AppStore|x86.ActiveCfg = Release|x86
		{E9300DA4-BCAA-405A-BE33-13E9810D1E8E}.AppStore|x86.Build.0 = Release|x86
		{E9300DA4-BCAA-405A-BE33-13E9810D1E8E}.Debug|Any CPU.ActiveCfg = Debug|Any CPU
		{E9300DA4-BCAA-405A-BE33-13E9810D1E8E}.Debug|Any CPU.Build.0 = Debug|Any CPU
		{E9300DA4-BCAA-405A-BE33-13E9810D1E8E}.Debug|ARM.ActiveCfg = Debug|ARM
		{E9300DA4-BCAA-405A-BE33-13E9810D1E8E}.Debug|ARM.Build.0 = Debug|ARM
		{E9300DA4-BCAA-405A-BE33-13E9810D1E8E}.Debug|iPhone.ActiveCfg = Debug|Any CPU
		{E9300DA4-BCAA-405A-BE33-13E9810D1E8E}.Debug|iPhone.Build.0 = Debug|Any CPU
		{E9300DA4-BCAA-405A-BE33-13E9810D1E8E}.Debug|iPhoneSimulator.ActiveCfg = Debug|Any CPU
		{E9300DA4-BCAA-405A-BE33-13E9810D1E8E}.Debug|iPhoneSimulator.Build.0 = Debug|Any CPU
		{E9300DA4-BCAA-405A-BE33-13E9810D1E8E}.Debug|x64.ActiveCfg = Debug|x64
		{E9300DA4-BCAA-405A-BE33-13E9810D1E8E}.Debug|x64.Build.0 = Debug|x64
		{E9300DA4-BCAA-405A-BE33-13E9810D1E8E}.Debug|x86.ActiveCfg = Debug|x86
		{E9300DA4-BCAA-405A-BE33-13E9810D1E8E}.Debug|x86.Build.0 = Debug|x86
		{E9300DA4-BCAA-405A-BE33-13E9810D1E8E}.Release|Any CPU.ActiveCfg = Release|Any CPU
		{E9300DA4-BCAA-405A-BE33-13E9810D1E8E}.Release|Any CPU.Build.0 = Release|Any CPU
		{E9300DA4-BCAA-405A-BE33-13E9810D1E8E}.Release|ARM.ActiveCfg = Release|ARM
		{E9300DA4-BCAA-405A-BE33-13E9810D1E8E}.Release|ARM.Build.0 = Release|ARM
		{E9300DA4-BCAA-405A-BE33-13E9810D1E8E}.Release|iPhone.ActiveCfg = Release|Any CPU
		{E9300DA4-BCAA-405A-BE33-13E9810D1E8E}.Release|iPhone.Build.0 = Release|Any CPU
		{E9300DA4-BCAA-405A-BE33-13E9810D1E8E}.Release|iPhoneSimulator.ActiveCfg = Release|Any CPU
		{E9300DA4-BCAA-405A-BE33-13E9810D1E8E}.Release|iPhoneSimulator.Build.0 = Release|Any CPU
		{E9300DA4-BCAA-405A-BE33-13E9810D1E8E}.Release|x64.ActiveCfg = Release|x64
		{E9300DA4-BCAA-405A-BE33-13E9810D1E8E}.Release|x64.Build.0 = Release|x64
		{E9300DA4-BCAA-405A-BE33-13E9810D1E8E}.Release|x86.ActiveCfg = Release|x86
		{E9300DA4-BCAA-405A-BE33-13E9810D1E8E}.Release|x86.Build.0 = Release|x86
		{73460527-E9C2-406F-8B29-51BECB67A442}.Ad-Hoc|Any CPU.ActiveCfg = Release|x64
		{73460527-E9C2-406F-8B29-51BECB67A442}.Ad-Hoc|Any CPU.Build.0 = Release|x64
		{73460527-E9C2-406F-8B29-51BECB67A442}.Ad-Hoc|Any CPU.Deploy.0 = Release|x64
		{73460527-E9C2-406F-8B29-51BECB67A442}.Ad-Hoc|ARM.ActiveCfg = Release|ARM
		{73460527-E9C2-406F-8B29-51BECB67A442}.Ad-Hoc|ARM.Build.0 = Release|ARM
		{73460527-E9C2-406F-8B29-51BECB67A442}.Ad-Hoc|ARM.Deploy.0 = Release|ARM
		{73460527-E9C2-406F-8B29-51BECB67A442}.Ad-Hoc|iPhone.ActiveCfg = Release|x64
		{73460527-E9C2-406F-8B29-51BECB67A442}.Ad-Hoc|iPhone.Build.0 = Release|x64
		{73460527-E9C2-406F-8B29-51BECB67A442}.Ad-Hoc|iPhone.Deploy.0 = Release|x64
		{73460527-E9C2-406F-8B29-51BECB67A442}.Ad-Hoc|iPhoneSimulator.ActiveCfg = Release|x64
		{73460527-E9C2-406F-8B29-51BECB67A442}.Ad-Hoc|iPhoneSimulator.Build.0 = Release|x64
		{73460527-E9C2-406F-8B29-51BECB67A442}.Ad-Hoc|iPhoneSimulator.Deploy.0 = Release|x64
		{73460527-E9C2-406F-8B29-51BECB67A442}.Ad-Hoc|x64.ActiveCfg = Release|x64
		{73460527-E9C2-406F-8B29-51BECB67A442}.Ad-Hoc|x64.Build.0 = Release|x64
		{73460527-E9C2-406F-8B29-51BECB67A442}.Ad-Hoc|x64.Deploy.0 = Release|x64
		{73460527-E9C2-406F-8B29-51BECB67A442}.Ad-Hoc|x86.ActiveCfg = Release|x86
		{73460527-E9C2-406F-8B29-51BECB67A442}.Ad-Hoc|x86.Build.0 = Release|x86
		{73460527-E9C2-406F-8B29-51BECB67A442}.Ad-Hoc|x86.Deploy.0 = Release|x86
		{73460527-E9C2-406F-8B29-51BECB67A442}.AppStore|Any CPU.ActiveCfg = Release|x64
		{73460527-E9C2-406F-8B29-51BECB67A442}.AppStore|Any CPU.Build.0 = Release|x64
		{73460527-E9C2-406F-8B29-51BECB67A442}.AppStore|Any CPU.Deploy.0 = Release|x64
		{73460527-E9C2-406F-8B29-51BECB67A442}.AppStore|ARM.ActiveCfg = Release|ARM
		{73460527-E9C2-406F-8B29-51BECB67A442}.AppStore|ARM.Build.0 = Release|ARM
		{73460527-E9C2-406F-8B29-51BECB67A442}.AppStore|ARM.Deploy.0 = Release|ARM
		{73460527-E9C2-406F-8B29-51BECB67A442}.AppStore|iPhone.ActiveCfg = Release|x64
		{73460527-E9C2-406F-8B29-51BECB67A442}.AppStore|iPhone.Build.0 = Release|x64
		{73460527-E9C2-406F-8B29-51BECB67A442}.AppStore|iPhone.Deploy.0 = Release|x64
		{73460527-E9C2-406F-8B29-51BECB67A442}.AppStore|iPhoneSimulator.ActiveCfg = Release|x64
		{73460527-E9C2-406F-8B29-51BECB67A442}.AppStore|iPhoneSimulator.Build.0 = Release|x64
		{73460527-E9C2-406F-8B29-51BECB67A442}.AppStore|iPhoneSimulator.Deploy.0 = Release|x64
		{73460527-E9C2-406F-8B29-51BECB67A442}.AppStore|x64.ActiveCfg = Release|x64
		{73460527-E9C2-406F-8B29-51BECB67A442}.AppStore|x64.Build.0 = Release|x64
		{73460527-E9C2-406F-8B29-51BECB67A442}.AppStore|x64.Deploy.0 = Release|x64
		{73460527-E9C2-406F-8B29-51BECB67A442}.AppStore|x86.ActiveCfg = Release|x86
		{73460527-E9C2-406F-8B29-51BECB67A442}.AppStore|x86.Build.0 = Release|x86
		{73460527-E9C2-406F-8B29-51BECB67A442}.AppStore|x86.Deploy.0 = Release|x86
		{73460527-E9C2-406F-8B29-51BECB67A442}.Debug|Any CPU.ActiveCfg = Debug|x86
		{73460527-E9C2-406F-8B29-51BECB67A442}.Debug|ARM.ActiveCfg = Debug|ARM
		{73460527-E9C2-406F-8B29-51BECB67A442}.Debug|ARM.Build.0 = Debug|ARM
		{73460527-E9C2-406F-8B29-51BECB67A442}.Debug|ARM.Deploy.0 = Debug|ARM
		{73460527-E9C2-406F-8B29-51BECB67A442}.Debug|iPhone.ActiveCfg = Debug|x86
		{73460527-E9C2-406F-8B29-51BECB67A442}.Debug|iPhoneSimulator.ActiveCfg = Debug|x86
		{73460527-E9C2-406F-8B29-51BECB67A442}.Debug|x64.ActiveCfg = Debug|x64
		{73460527-E9C2-406F-8B29-51BECB67A442}.Debug|x64.Build.0 = Debug|x64
		{73460527-E9C2-406F-8B29-51BECB67A442}.Debug|x64.Deploy.0 = Debug|x64
		{73460527-E9C2-406F-8B29-51BECB67A442}.Debug|x86.ActiveCfg = Debug|x86
		{73460527-E9C2-406F-8B29-51BECB67A442}.Debug|x86.Build.0 = Debug|x86
		{73460527-E9C2-406F-8B29-51BECB67A442}.Debug|x86.Deploy.0 = Debug|x86
		{73460527-E9C2-406F-8B29-51BECB67A442}.Release|Any CPU.ActiveCfg = Release|x86
		{73460527-E9C2-406F-8B29-51BECB67A442}.Release|ARM.ActiveCfg = Release|ARM
		{73460527-E9C2-406F-8B29-51BECB67A442}.Release|ARM.Build.0 = Release|ARM
		{73460527-E9C2-406F-8B29-51BECB67A442}.Release|ARM.Deploy.0 = Release|ARM
		{73460527-E9C2-406F-8B29-51BECB67A442}.Release|iPhone.ActiveCfg = Release|x86
		{73460527-E9C2-406F-8B29-51BECB67A442}.Release|iPhoneSimulator.ActiveCfg = Release|x86
		{73460527-E9C2-406F-8B29-51BECB67A442}.Release|x64.ActiveCfg = Release|x64
		{73460527-E9C2-406F-8B29-51BECB67A442}.Release|x64.Build.0 = Release|x64
		{73460527-E9C2-406F-8B29-51BECB67A442}.Release|x64.Deploy.0 = Release|x64
		{73460527-E9C2-406F-8B29-51BECB67A442}.Release|x86.ActiveCfg = Release|x86
		{73460527-E9C2-406F-8B29-51BECB67A442}.Release|x86.Build.0 = Release|x86
		{73460527-E9C2-406F-8B29-51BECB67A442}.Release|x86.Deploy.0 = Release|x86
		{05783864-B2CB-4F02-A2C4-5A10849BF565}.Ad-Hoc|Any CPU.ActiveCfg = Release|Any CPU
		{05783864-B2CB-4F02-A2C4-5A10849BF565}.Ad-Hoc|Any CPU.Build.0 = Release|Any CPU
		{05783864-B2CB-4F02-A2C4-5A10849BF565}.Ad-Hoc|ARM.ActiveCfg = Release|Any CPU
		{05783864-B2CB-4F02-A2C4-5A10849BF565}.Ad-Hoc|ARM.Build.0 = Release|Any CPU
		{05783864-B2CB-4F02-A2C4-5A10849BF565}.Ad-Hoc|iPhone.ActiveCfg = Release|Any CPU
		{05783864-B2CB-4F02-A2C4-5A10849BF565}.Ad-Hoc|iPhone.Build.0 = Release|Any CPU
		{05783864-B2CB-4F02-A2C4-5A10849BF565}.Ad-Hoc|iPhoneSimulator.ActiveCfg = Release|Any CPU
		{05783864-B2CB-4F02-A2C4-5A10849BF565}.Ad-Hoc|iPhoneSimulator.Build.0 = Release|Any CPU
		{05783864-B2CB-4F02-A2C4-5A10849BF565}.Ad-Hoc|x64.ActiveCfg = Release|Any CPU
		{05783864-B2CB-4F02-A2C4-5A10849BF565}.Ad-Hoc|x64.Build.0 = Release|Any CPU
		{05783864-B2CB-4F02-A2C4-5A10849BF565}.Ad-Hoc|x86.ActiveCfg = Release|Any CPU
		{05783864-B2CB-4F02-A2C4-5A10849BF565}.Ad-Hoc|x86.Build.0 = Release|Any CPU
		{05783864-B2CB-4F02-A2C4-5A10849BF565}.AppStore|Any CPU.ActiveCfg = Release|Any CPU
		{05783864-B2CB-4F02-A2C4-5A10849BF565}.AppStore|Any CPU.Build.0 = Release|Any CPU
		{05783864-B2CB-4F02-A2C4-5A10849BF565}.AppStore|ARM.ActiveCfg = Release|Any CPU
		{05783864-B2CB-4F02-A2C4-5A10849BF565}.AppStore|ARM.Build.0 = Release|Any CPU
		{05783864-B2CB-4F02-A2C4-5A10849BF565}.AppStore|iPhone.ActiveCfg = Release|Any CPU
		{05783864-B2CB-4F02-A2C4-5A10849BF565}.AppStore|iPhone.Build.0 = Release|Any CPU
		{05783864-B2CB-4F02-A2C4-5A10849BF565}.AppStore|iPhoneSimulator.ActiveCfg = Release|Any CPU
		{05783864-B2CB-4F02-A2C4-5A10849BF565}.AppStore|iPhoneSimulator.Build.0 = Release|Any CPU
		{05783864-B2CB-4F02-A2C4-5A10849BF565}.AppStore|x64.ActiveCfg = Release|Any CPU
		{05783864-B2CB-4F02-A2C4-5A10849BF565}.AppStore|x64.Build.0 = Release|Any CPU
		{05783864-B2CB-4F02-A2C4-5A10849BF565}.AppStore|x86.ActiveCfg = Release|Any CPU
		{05783864-B2CB-4F02-A2C4-5A10849BF565}.AppStore|x86.Build.0 = Release|Any CPU
		{05783864-B2CB-4F02-A2C4-5A10849BF565}.Debug|Any CPU.ActiveCfg = Debug|Any CPU
		{05783864-B2CB-4F02-A2C4-5A10849BF565}.Debug|Any CPU.Build.0 = Debug|Any CPU
		{05783864-B2CB-4F02-A2C4-5A10849BF565}.Debug|ARM.ActiveCfg = Debug|Any CPU
		{05783864-B2CB-4F02-A2C4-5A10849BF565}.Debug|ARM.Build.0 = Debug|Any CPU
		{05783864-B2CB-4F02-A2C4-5A10849BF565}.Debug|iPhone.ActiveCfg = Debug|Any CPU
		{05783864-B2CB-4F02-A2C4-5A10849BF565}.Debug|iPhone.Build.0 = Debug|Any CPU
		{05783864-B2CB-4F02-A2C4-5A10849BF565}.Debug|iPhoneSimulator.ActiveCfg = Debug|Any CPU
		{05783864-B2CB-4F02-A2C4-5A10849BF565}.Debug|iPhoneSimulator.Build.0 = Debug|Any CPU
		{05783864-B2CB-4F02-A2C4-5A10849BF565}.Debug|x64.ActiveCfg = Debug|Any CPU
		{05783864-B2CB-4F02-A2C4-5A10849BF565}.Debug|x64.Build.0 = Debug|Any CPU
		{05783864-B2CB-4F02-A2C4-5A10849BF565}.Debug|x86.ActiveCfg = Debug|Any CPU
		{05783864-B2CB-4F02-A2C4-5A10849BF565}.Debug|x86.Build.0 = Debug|Any CPU
		{05783864-B2CB-4F02-A2C4-5A10849BF565}.Release|Any CPU.ActiveCfg = Release|Any CPU
		{05783864-B2CB-4F02-A2C4-5A10849BF565}.Release|Any CPU.Build.0 = Release|Any CPU
		{05783864-B2CB-4F02-A2C4-5A10849BF565}.Release|ARM.ActiveCfg = Release|Any CPU
		{05783864-B2CB-4F02-A2C4-5A10849BF565}.Release|ARM.Build.0 = Release|Any CPU
		{05783864-B2CB-4F02-A2C4-5A10849BF565}.Release|iPhone.ActiveCfg = Release|Any CPU
		{05783864-B2CB-4F02-A2C4-5A10849BF565}.Release|iPhone.Build.0 = Release|Any CPU
		{05783864-B2CB-4F02-A2C4-5A10849BF565}.Release|iPhoneSimulator.ActiveCfg = Release|Any CPU
		{05783864-B2CB-4F02-A2C4-5A10849BF565}.Release|iPhoneSimulator.Build.0 = Release|Any CPU
		{05783864-B2CB-4F02-A2C4-5A10849BF565}.Release|x64.ActiveCfg = Release|Any CPU
		{05783864-B2CB-4F02-A2C4-5A10849BF565}.Release|x64.Build.0 = Release|Any CPU
		{05783864-B2CB-4F02-A2C4-5A10849BF565}.Release|x86.ActiveCfg = Release|Any CPU
		{05783864-B2CB-4F02-A2C4-5A10849BF565}.Release|x86.Build.0 = Release|Any CPU
		{E89E1CB8-A83E-43EF-8BB7-FFFAD7C432A2}.Ad-Hoc|Any CPU.ActiveCfg = Release|Any CPU
		{E89E1CB8-A83E-43EF-8BB7-FFFAD7C432A2}.Ad-Hoc|Any CPU.Build.0 = Release|Any CPU
		{E89E1CB8-A83E-43EF-8BB7-FFFAD7C432A2}.Ad-Hoc|ARM.ActiveCfg = Release|Any CPU
		{E89E1CB8-A83E-43EF-8BB7-FFFAD7C432A2}.Ad-Hoc|ARM.Build.0 = Release|Any CPU
		{E89E1CB8-A83E-43EF-8BB7-FFFAD7C432A2}.Ad-Hoc|iPhone.ActiveCfg = Release|Any CPU
		{E89E1CB8-A83E-43EF-8BB7-FFFAD7C432A2}.Ad-Hoc|iPhone.Build.0 = Release|Any CPU
		{E89E1CB8-A83E-43EF-8BB7-FFFAD7C432A2}.Ad-Hoc|iPhoneSimulator.ActiveCfg = Release|Any CPU
		{E89E1CB8-A83E-43EF-8BB7-FFFAD7C432A2}.Ad-Hoc|iPhoneSimulator.Build.0 = Release|Any CPU
		{E89E1CB8-A83E-43EF-8BB7-FFFAD7C432A2}.Ad-Hoc|x64.ActiveCfg = Release|Any CPU
		{E89E1CB8-A83E-43EF-8BB7-FFFAD7C432A2}.Ad-Hoc|x64.Build.0 = Release|Any CPU
		{E89E1CB8-A83E-43EF-8BB7-FFFAD7C432A2}.Ad-Hoc|x86.ActiveCfg = Release|Any CPU
		{E89E1CB8-A83E-43EF-8BB7-FFFAD7C432A2}.Ad-Hoc|x86.Build.0 = Release|Any CPU
		{E89E1CB8-A83E-43EF-8BB7-FFFAD7C432A2}.AppStore|Any CPU.ActiveCfg = Release|Any CPU
		{E89E1CB8-A83E-43EF-8BB7-FFFAD7C432A2}.AppStore|Any CPU.Build.0 = Release|Any CPU
		{E89E1CB8-A83E-43EF-8BB7-FFFAD7C432A2}.AppStore|ARM.ActiveCfg = Release|Any CPU
		{E89E1CB8-A83E-43EF-8BB7-FFFAD7C432A2}.AppStore|ARM.Build.0 = Release|Any CPU
		{E89E1CB8-A83E-43EF-8BB7-FFFAD7C432A2}.AppStore|iPhone.ActiveCfg = Release|Any CPU
		{E89E1CB8-A83E-43EF-8BB7-FFFAD7C432A2}.AppStore|iPhone.Build.0 = Release|Any CPU
		{E89E1CB8-A83E-43EF-8BB7-FFFAD7C432A2}.AppStore|iPhoneSimulator.ActiveCfg = Release|Any CPU
		{E89E1CB8-A83E-43EF-8BB7-FFFAD7C432A2}.AppStore|iPhoneSimulator.Build.0 = Release|Any CPU
		{E89E1CB8-A83E-43EF-8BB7-FFFAD7C432A2}.AppStore|x64.ActiveCfg = Release|Any CPU
		{E89E1CB8-A83E-43EF-8BB7-FFFAD7C432A2}.AppStore|x64.Build.0 = Release|Any CPU
		{E89E1CB8-A83E-43EF-8BB7-FFFAD7C432A2}.AppStore|x86.ActiveCfg = Release|Any CPU
		{E89E1CB8-A83E-43EF-8BB7-FFFAD7C432A2}.AppStore|x86.Build.0 = Release|Any CPU
		{E89E1CB8-A83E-43EF-8BB7-FFFAD7C432A2}.Debug|Any CPU.ActiveCfg = Debug|Any CPU
		{E89E1CB8-A83E-43EF-8BB7-FFFAD7C432A2}.Debug|Any CPU.Build.0 = Debug|Any CPU
		{E89E1CB8-A83E-43EF-8BB7-FFFAD7C432A2}.Debug|ARM.ActiveCfg = Debug|Any CPU
		{E89E1CB8-A83E-43EF-8BB7-FFFAD7C432A2}.Debug|ARM.Build.0 = Debug|Any CPU
		{E89E1CB8-A83E-43EF-8BB7-FFFAD7C432A2}.Debug|iPhone.ActiveCfg = Debug|Any CPU
		{E89E1CB8-A83E-43EF-8BB7-FFFAD7C432A2}.Debug|iPhone.Build.0 = Debug|Any CPU
		{E89E1CB8-A83E-43EF-8BB7-FFFAD7C432A2}.Debug|iPhoneSimulator.ActiveCfg = Debug|Any CPU
		{E89E1CB8-A83E-43EF-8BB7-FFFAD7C432A2}.Debug|iPhoneSimulator.Build.0 = Debug|Any CPU
		{E89E1CB8-A83E-43EF-8BB7-FFFAD7C432A2}.Debug|x64.ActiveCfg = Debug|Any CPU
		{E89E1CB8-A83E-43EF-8BB7-FFFAD7C432A2}.Debug|x64.Build.0 = Debug|Any CPU
		{E89E1CB8-A83E-43EF-8BB7-FFFAD7C432A2}.Debug|x86.ActiveCfg = Debug|Any CPU
		{E89E1CB8-A83E-43EF-8BB7-FFFAD7C432A2}.Debug|x86.Build.0 = Debug|Any CPU
		{E89E1CB8-A83E-43EF-8BB7-FFFAD7C432A2}.Release|Any CPU.ActiveCfg = Release|Any CPU
		{E89E1CB8-A83E-43EF-8BB7-FFFAD7C432A2}.Release|Any CPU.Build.0 = Release|Any CPU
		{E89E1CB8-A83E-43EF-8BB7-FFFAD7C432A2}.Release|ARM.ActiveCfg = Release|Any CPU
		{E89E1CB8-A83E-43EF-8BB7-FFFAD7C432A2}.Release|ARM.Build.0 = Release|Any CPU
		{E89E1CB8-A83E-43EF-8BB7-FFFAD7C432A2}.Release|iPhone.ActiveCfg = Release|Any CPU
		{E89E1CB8-A83E-43EF-8BB7-FFFAD7C432A2}.Release|iPhone.Build.0 = Release|Any CPU
		{E89E1CB8-A83E-43EF-8BB7-FFFAD7C432A2}.Release|iPhoneSimulator.ActiveCfg = Release|Any CPU
		{E89E1CB8-A83E-43EF-8BB7-FFFAD7C432A2}.Release|iPhoneSimulator.Build.0 = Release|Any CPU
		{E89E1CB8-A83E-43EF-8BB7-FFFAD7C432A2}.Release|x64.ActiveCfg = Release|Any CPU
		{E89E1CB8-A83E-43EF-8BB7-FFFAD7C432A2}.Release|x64.Build.0 = Release|Any CPU
		{E89E1CB8-A83E-43EF-8BB7-FFFAD7C432A2}.Release|x86.ActiveCfg = Release|Any CPU
		{E89E1CB8-A83E-43EF-8BB7-FFFAD7C432A2}.Release|x86.Build.0 = Release|Any CPU
		{360F64F0-92AB-452D-A824-CC4BF131BC66}.Ad-Hoc|Any CPU.ActiveCfg = Release|Any CPU
		{360F64F0-92AB-452D-A824-CC4BF131BC66}.Ad-Hoc|Any CPU.Build.0 = Release|Any CPU
		{360F64F0-92AB-452D-A824-CC4BF131BC66}.Ad-Hoc|ARM.ActiveCfg = Release|Any CPU
		{360F64F0-92AB-452D-A824-CC4BF131BC66}.Ad-Hoc|ARM.Build.0 = Release|Any CPU
		{360F64F0-92AB-452D-A824-CC4BF131BC66}.Ad-Hoc|iPhone.ActiveCfg = Release|Any CPU
		{360F64F0-92AB-452D-A824-CC4BF131BC66}.Ad-Hoc|iPhone.Build.0 = Release|Any CPU
		{360F64F0-92AB-452D-A824-CC4BF131BC66}.Ad-Hoc|iPhoneSimulator.ActiveCfg = Release|Any CPU
		{360F64F0-92AB-452D-A824-CC4BF131BC66}.Ad-Hoc|iPhoneSimulator.Build.0 = Release|Any CPU
		{360F64F0-92AB-452D-A824-CC4BF131BC66}.Ad-Hoc|x64.ActiveCfg = Release|Any CPU
		{360F64F0-92AB-452D-A824-CC4BF131BC66}.Ad-Hoc|x64.Build.0 = Release|Any CPU
		{360F64F0-92AB-452D-A824-CC4BF131BC66}.Ad-Hoc|x86.ActiveCfg = Release|Any CPU
		{360F64F0-92AB-452D-A824-CC4BF131BC66}.Ad-Hoc|x86.Build.0 = Release|Any CPU
		{360F64F0-92AB-452D-A824-CC4BF131BC66}.AppStore|Any CPU.ActiveCfg = Release|Any CPU
		{360F64F0-92AB-452D-A824-CC4BF131BC66}.AppStore|Any CPU.Build.0 = Release|Any CPU
		{360F64F0-92AB-452D-A824-CC4BF131BC66}.AppStore|ARM.ActiveCfg = Release|Any CPU
		{360F64F0-92AB-452D-A824-CC4BF131BC66}.AppStore|ARM.Build.0 = Release|Any CPU
		{360F64F0-92AB-452D-A824-CC4BF131BC66}.AppStore|iPhone.ActiveCfg = Release|Any CPU
		{360F64F0-92AB-452D-A824-CC4BF131BC66}.AppStore|iPhone.Build.0 = Release|Any CPU
		{360F64F0-92AB-452D-A824-CC4BF131BC66}.AppStore|iPhoneSimulator.ActiveCfg = Release|Any CPU
		{360F64F0-92AB-452D-A824-CC4BF131BC66}.AppStore|iPhoneSimulator.Build.0 = Release|Any CPU
		{360F64F0-92AB-452D-A824-CC4BF131BC66}.AppStore|x64.ActiveCfg = Release|Any CPU
		{360F64F0-92AB-452D-A824-CC4BF131BC66}.AppStore|x64.Build.0 = Release|Any CPU
		{360F64F0-92AB-452D-A824-CC4BF131BC66}.AppStore|x86.ActiveCfg = Release|Any CPU
		{360F64F0-92AB-452D-A824-CC4BF131BC66}.AppStore|x86.Build.0 = Release|Any CPU
		{360F64F0-92AB-452D-A824-CC4BF131BC66}.Debug|Any CPU.ActiveCfg = Debug|Any CPU
		{360F64F0-92AB-452D-A824-CC4BF131BC66}.Debug|Any CPU.Build.0 = Debug|Any CPU
		{360F64F0-92AB-452D-A824-CC4BF131BC66}.Debug|ARM.ActiveCfg = Debug|Any CPU
		{360F64F0-92AB-452D-A824-CC4BF131BC66}.Debug|ARM.Build.0 = Debug|Any CPU
		{360F64F0-92AB-452D-A824-CC4BF131BC66}.Debug|iPhone.ActiveCfg = Debug|Any CPU
		{360F64F0-92AB-452D-A824-CC4BF131BC66}.Debug|iPhone.Build.0 = Debug|Any CPU
		{360F64F0-92AB-452D-A824-CC4BF131BC66}.Debug|iPhoneSimulator.ActiveCfg = Debug|Any CPU
		{360F64F0-92AB-452D-A824-CC4BF131BC66}.Debug|iPhoneSimulator.Build.0 = Debug|Any CPU
		{360F64F0-92AB-452D-A824-CC4BF131BC66}.Debug|x64.ActiveCfg = Debug|Any CPU
		{360F64F0-92AB-452D-A824-CC4BF131BC66}.Debug|x64.Build.0 = Debug|Any CPU
		{360F64F0-92AB-452D-A824-CC4BF131BC66}.Debug|x86.ActiveCfg = Debug|Any CPU
		{360F64F0-92AB-452D-A824-CC4BF131BC66}.Debug|x86.Build.0 = Debug|Any CPU
		{360F64F0-92AB-452D-A824-CC4BF131BC66}.Release|Any CPU.ActiveCfg = Release|Any CPU
		{360F64F0-92AB-452D-A824-CC4BF131BC66}.Release|Any CPU.Build.0 = Release|Any CPU
		{360F64F0-92AB-452D-A824-CC4BF131BC66}.Release|ARM.ActiveCfg = Release|Any CPU
		{360F64F0-92AB-452D-A824-CC4BF131BC66}.Release|ARM.Build.0 = Release|Any CPU
		{360F64F0-92AB-452D-A824-CC4BF131BC66}.Release|iPhone.ActiveCfg = Release|Any CPU
		{360F64F0-92AB-452D-A824-CC4BF131BC66}.Release|iPhone.Build.0 = Release|Any CPU
		{360F64F0-92AB-452D-A824-CC4BF131BC66}.Release|iPhoneSimulator.ActiveCfg = Release|Any CPU
		{360F64F0-92AB-452D-A824-CC4BF131BC66}.Release|iPhoneSimulator.Build.0 = Release|Any CPU
		{360F64F0-92AB-452D-A824-CC4BF131BC66}.Release|x64.ActiveCfg = Release|Any CPU
		{360F64F0-92AB-452D-A824-CC4BF131BC66}.Release|x64.Build.0 = Release|Any CPU
		{360F64F0-92AB-452D-A824-CC4BF131BC66}.Release|x86.ActiveCfg = Release|Any CPU
		{360F64F0-92AB-452D-A824-CC4BF131BC66}.Release|x86.Build.0 = Release|Any CPU
		{2FBBB5FB-0DA5-4884-A981-DF6CDD378159}.Ad-Hoc|Any CPU.ActiveCfg = Release|Any CPU
		{2FBBB5FB-0DA5-4884-A981-DF6CDD378159}.Ad-Hoc|Any CPU.Build.0 = Release|Any CPU
		{2FBBB5FB-0DA5-4884-A981-DF6CDD378159}.Ad-Hoc|ARM.ActiveCfg = Release|Any CPU
		{2FBBB5FB-0DA5-4884-A981-DF6CDD378159}.Ad-Hoc|ARM.Build.0 = Release|Any CPU
		{2FBBB5FB-0DA5-4884-A981-DF6CDD378159}.Ad-Hoc|iPhone.ActiveCfg = Release|Any CPU
		{2FBBB5FB-0DA5-4884-A981-DF6CDD378159}.Ad-Hoc|iPhone.Build.0 = Release|Any CPU
		{2FBBB5FB-0DA5-4884-A981-DF6CDD378159}.Ad-Hoc|iPhoneSimulator.ActiveCfg = Release|Any CPU
		{2FBBB5FB-0DA5-4884-A981-DF6CDD378159}.Ad-Hoc|iPhoneSimulator.Build.0 = Release|Any CPU
		{2FBBB5FB-0DA5-4884-A981-DF6CDD378159}.Ad-Hoc|x64.ActiveCfg = Release|Any CPU
		{2FBBB5FB-0DA5-4884-A981-DF6CDD378159}.Ad-Hoc|x64.Build.0 = Release|Any CPU
		{2FBBB5FB-0DA5-4884-A981-DF6CDD378159}.Ad-Hoc|x86.ActiveCfg = Release|Any CPU
		{2FBBB5FB-0DA5-4884-A981-DF6CDD378159}.Ad-Hoc|x86.Build.0 = Release|Any CPU
		{2FBBB5FB-0DA5-4884-A981-DF6CDD378159}.AppStore|Any CPU.ActiveCfg = Release|Any CPU
		{2FBBB5FB-0DA5-4884-A981-DF6CDD378159}.AppStore|Any CPU.Build.0 = Release|Any CPU
		{2FBBB5FB-0DA5-4884-A981-DF6CDD378159}.AppStore|ARM.ActiveCfg = Release|Any CPU
		{2FBBB5FB-0DA5-4884-A981-DF6CDD378159}.AppStore|ARM.Build.0 = Release|Any CPU
		{2FBBB5FB-0DA5-4884-A981-DF6CDD378159}.AppStore|iPhone.ActiveCfg = Release|Any CPU
		{2FBBB5FB-0DA5-4884-A981-DF6CDD378159}.AppStore|iPhone.Build.0 = Release|Any CPU
		{2FBBB5FB-0DA5-4884-A981-DF6CDD378159}.AppStore|iPhoneSimulator.ActiveCfg = Release|Any CPU
		{2FBBB5FB-0DA5-4884-A981-DF6CDD378159}.AppStore|iPhoneSimulator.Build.0 = Release|Any CPU
		{2FBBB5FB-0DA5-4884-A981-DF6CDD378159}.AppStore|x64.ActiveCfg = Release|Any CPU
		{2FBBB5FB-0DA5-4884-A981-DF6CDD378159}.AppStore|x64.Build.0 = Release|Any CPU
		{2FBBB5FB-0DA5-4884-A981-DF6CDD378159}.AppStore|x86.ActiveCfg = Release|Any CPU
		{2FBBB5FB-0DA5-4884-A981-DF6CDD378159}.AppStore|x86.Build.0 = Release|Any CPU
		{2FBBB5FB-0DA5-4884-A981-DF6CDD378159}.Debug|Any CPU.ActiveCfg = Debug|Any CPU
		{2FBBB5FB-0DA5-4884-A981-DF6CDD378159}.Debug|Any CPU.Build.0 = Debug|Any CPU
		{2FBBB5FB-0DA5-4884-A981-DF6CDD378159}.Debug|ARM.ActiveCfg = Debug|Any CPU
		{2FBBB5FB-0DA5-4884-A981-DF6CDD378159}.Debug|ARM.Build.0 = Debug|Any CPU
		{2FBBB5FB-0DA5-4884-A981-DF6CDD378159}.Debug|iPhone.ActiveCfg = Debug|Any CPU
		{2FBBB5FB-0DA5-4884-A981-DF6CDD378159}.Debug|iPhone.Build.0 = Debug|Any CPU
		{2FBBB5FB-0DA5-4884-A981-DF6CDD378159}.Debug|iPhoneSimulator.ActiveCfg = Debug|Any CPU
		{2FBBB5FB-0DA5-4884-A981-DF6CDD378159}.Debug|iPhoneSimulator.Build.0 = Debug|Any CPU
		{2FBBB5FB-0DA5-4884-A981-DF6CDD378159}.Debug|x64.ActiveCfg = Debug|Any CPU
		{2FBBB5FB-0DA5-4884-A981-DF6CDD378159}.Debug|x64.Build.0 = Debug|Any CPU
		{2FBBB5FB-0DA5-4884-A981-DF6CDD378159}.Debug|x86.ActiveCfg = Debug|Any CPU
		{2FBBB5FB-0DA5-4884-A981-DF6CDD378159}.Debug|x86.Build.0 = Debug|Any CPU
		{2FBBB5FB-0DA5-4884-A981-DF6CDD378159}.Release|Any CPU.ActiveCfg = Release|Any CPU
		{2FBBB5FB-0DA5-4884-A981-DF6CDD378159}.Release|Any CPU.Build.0 = Release|Any CPU
		{2FBBB5FB-0DA5-4884-A981-DF6CDD378159}.Release|ARM.ActiveCfg = Release|Any CPU
		{2FBBB5FB-0DA5-4884-A981-DF6CDD378159}.Release|ARM.Build.0 = Release|Any CPU
		{2FBBB5FB-0DA5-4884-A981-DF6CDD378159}.Release|iPhone.ActiveCfg = Release|Any CPU
		{2FBBB5FB-0DA5-4884-A981-DF6CDD378159}.Release|iPhone.Build.0 = Release|Any CPU
		{2FBBB5FB-0DA5-4884-A981-DF6CDD378159}.Release|iPhoneSimulator.ActiveCfg = Release|Any CPU
		{2FBBB5FB-0DA5-4884-A981-DF6CDD378159}.Release|iPhoneSimulator.Build.0 = Release|Any CPU
		{2FBBB5FB-0DA5-4884-A981-DF6CDD378159}.Release|x64.ActiveCfg = Release|Any CPU
		{2FBBB5FB-0DA5-4884-A981-DF6CDD378159}.Release|x64.Build.0 = Release|Any CPU
		{2FBBB5FB-0DA5-4884-A981-DF6CDD378159}.Release|x86.ActiveCfg = Release|Any CPU
		{2FBBB5FB-0DA5-4884-A981-DF6CDD378159}.Release|x86.Build.0 = Release|Any CPU
		{E68AAFAE-2D4D-4A49-94C9-7805D9A6EB3A}.Ad-Hoc|Any CPU.ActiveCfg = Release|Any CPU
		{E68AAFAE-2D4D-4A49-94C9-7805D9A6EB3A}.Ad-Hoc|Any CPU.Build.0 = Release|Any CPU
		{E68AAFAE-2D4D-4A49-94C9-7805D9A6EB3A}.Ad-Hoc|ARM.ActiveCfg = Release|Any CPU
		{E68AAFAE-2D4D-4A49-94C9-7805D9A6EB3A}.Ad-Hoc|ARM.Build.0 = Release|Any CPU
		{E68AAFAE-2D4D-4A49-94C9-7805D9A6EB3A}.Ad-Hoc|iPhone.ActiveCfg = Release|Any CPU
		{E68AAFAE-2D4D-4A49-94C9-7805D9A6EB3A}.Ad-Hoc|iPhone.Build.0 = Release|Any CPU
		{E68AAFAE-2D4D-4A49-94C9-7805D9A6EB3A}.Ad-Hoc|iPhoneSimulator.ActiveCfg = Release|Any CPU
		{E68AAFAE-2D4D-4A49-94C9-7805D9A6EB3A}.Ad-Hoc|iPhoneSimulator.Build.0 = Release|Any CPU
		{E68AAFAE-2D4D-4A49-94C9-7805D9A6EB3A}.Ad-Hoc|x64.ActiveCfg = Release|Any CPU
		{E68AAFAE-2D4D-4A49-94C9-7805D9A6EB3A}.Ad-Hoc|x64.Build.0 = Release|Any CPU
		{E68AAFAE-2D4D-4A49-94C9-7805D9A6EB3A}.Ad-Hoc|x86.ActiveCfg = Release|Any CPU
		{E68AAFAE-2D4D-4A49-94C9-7805D9A6EB3A}.Ad-Hoc|x86.Build.0 = Release|Any CPU
		{E68AAFAE-2D4D-4A49-94C9-7805D9A6EB3A}.AppStore|Any CPU.ActiveCfg = Release|Any CPU
		{E68AAFAE-2D4D-4A49-94C9-7805D9A6EB3A}.AppStore|Any CPU.Build.0 = Release|Any CPU
		{E68AAFAE-2D4D-4A49-94C9-7805D9A6EB3A}.AppStore|ARM.ActiveCfg = Release|Any CPU
		{E68AAFAE-2D4D-4A49-94C9-7805D9A6EB3A}.AppStore|ARM.Build.0 = Release|Any CPU
		{E68AAFAE-2D4D-4A49-94C9-7805D9A6EB3A}.AppStore|iPhone.ActiveCfg = Release|Any CPU
		{E68AAFAE-2D4D-4A49-94C9-7805D9A6EB3A}.AppStore|iPhone.Build.0 = Release|Any CPU
		{E68AAFAE-2D4D-4A49-94C9-7805D9A6EB3A}.AppStore|iPhoneSimulator.ActiveCfg = Release|Any CPU
		{E68AAFAE-2D4D-4A49-94C9-7805D9A6EB3A}.AppStore|iPhoneSimulator.Build.0 = Release|Any CPU
		{E68AAFAE-2D4D-4A49-94C9-7805D9A6EB3A}.AppStore|x64.ActiveCfg = Release|Any CPU
		{E68AAFAE-2D4D-4A49-94C9-7805D9A6EB3A}.AppStore|x64.Build.0 = Release|Any CPU
		{E68AAFAE-2D4D-4A49-94C9-7805D9A6EB3A}.AppStore|x86.ActiveCfg = Release|Any CPU
		{E68AAFAE-2D4D-4A49-94C9-7805D9A6EB3A}.AppStore|x86.Build.0 = Release|Any CPU
		{E68AAFAE-2D4D-4A49-94C9-7805D9A6EB3A}.Debug|Any CPU.ActiveCfg = Debug|Any CPU
		{E68AAFAE-2D4D-4A49-94C9-7805D9A6EB3A}.Debug|Any CPU.Build.0 = Debug|Any CPU
		{E68AAFAE-2D4D-4A49-94C9-7805D9A6EB3A}.Debug|ARM.ActiveCfg = Debug|Any CPU
		{E68AAFAE-2D4D-4A49-94C9-7805D9A6EB3A}.Debug|ARM.Build.0 = Debug|Any CPU
		{E68AAFAE-2D4D-4A49-94C9-7805D9A6EB3A}.Debug|iPhone.ActiveCfg = Debug|Any CPU
		{E68AAFAE-2D4D-4A49-94C9-7805D9A6EB3A}.Debug|iPhone.Build.0 = Debug|Any CPU
		{E68AAFAE-2D4D-4A49-94C9-7805D9A6EB3A}.Debug|iPhoneSimulator.ActiveCfg = Debug|Any CPU
		{E68AAFAE-2D4D-4A49-94C9-7805D9A6EB3A}.Debug|iPhoneSimulator.Build.0 = Debug|Any CPU
		{E68AAFAE-2D4D-4A49-94C9-7805D9A6EB3A}.Debug|x64.ActiveCfg = Debug|Any CPU
		{E68AAFAE-2D4D-4A49-94C9-7805D9A6EB3A}.Debug|x64.Build.0 = Debug|Any CPU
		{E68AAFAE-2D4D-4A49-94C9-7805D9A6EB3A}.Debug|x86.ActiveCfg = Debug|Any CPU
		{E68AAFAE-2D4D-4A49-94C9-7805D9A6EB3A}.Debug|x86.Build.0 = Debug|Any CPU
		{E68AAFAE-2D4D-4A49-94C9-7805D9A6EB3A}.Release|Any CPU.ActiveCfg = Release|Any CPU
		{E68AAFAE-2D4D-4A49-94C9-7805D9A6EB3A}.Release|Any CPU.Build.0 = Release|Any CPU
		{E68AAFAE-2D4D-4A49-94C9-7805D9A6EB3A}.Release|ARM.ActiveCfg = Release|Any CPU
		{E68AAFAE-2D4D-4A49-94C9-7805D9A6EB3A}.Release|ARM.Build.0 = Release|Any CPU
		{E68AAFAE-2D4D-4A49-94C9-7805D9A6EB3A}.Release|iPhone.ActiveCfg = Release|Any CPU
		{E68AAFAE-2D4D-4A49-94C9-7805D9A6EB3A}.Release|iPhone.Build.0 = Release|Any CPU
		{E68AAFAE-2D4D-4A49-94C9-7805D9A6EB3A}.Release|iPhoneSimulator.ActiveCfg = Release|Any CPU
		{E68AAFAE-2D4D-4A49-94C9-7805D9A6EB3A}.Release|iPhoneSimulator.Build.0 = Release|Any CPU
		{E68AAFAE-2D4D-4A49-94C9-7805D9A6EB3A}.Release|x64.ActiveCfg = Release|Any CPU
		{E68AAFAE-2D4D-4A49-94C9-7805D9A6EB3A}.Release|x64.Build.0 = Release|Any CPU
		{E68AAFAE-2D4D-4A49-94C9-7805D9A6EB3A}.Release|x86.ActiveCfg = Release|Any CPU
		{E68AAFAE-2D4D-4A49-94C9-7805D9A6EB3A}.Release|x86.Build.0 = Release|Any CPU
		{84E3937C-F7A3-4521-A6A9-702EC935A9A3}.Ad-Hoc|Any CPU.ActiveCfg = Release|Any CPU
		{84E3937C-F7A3-4521-A6A9-702EC935A9A3}.Ad-Hoc|Any CPU.Build.0 = Release|Any CPU
		{84E3937C-F7A3-4521-A6A9-702EC935A9A3}.Ad-Hoc|ARM.ActiveCfg = Release|Any CPU
		{84E3937C-F7A3-4521-A6A9-702EC935A9A3}.Ad-Hoc|ARM.Build.0 = Release|Any CPU
		{84E3937C-F7A3-4521-A6A9-702EC935A9A3}.Ad-Hoc|iPhone.ActiveCfg = Release|Any CPU
		{84E3937C-F7A3-4521-A6A9-702EC935A9A3}.Ad-Hoc|iPhone.Build.0 = Release|Any CPU
		{84E3937C-F7A3-4521-A6A9-702EC935A9A3}.Ad-Hoc|iPhoneSimulator.ActiveCfg = Release|Any CPU
		{84E3937C-F7A3-4521-A6A9-702EC935A9A3}.Ad-Hoc|iPhoneSimulator.Build.0 = Release|Any CPU
		{84E3937C-F7A3-4521-A6A9-702EC935A9A3}.Ad-Hoc|x64.ActiveCfg = Release|Any CPU
		{84E3937C-F7A3-4521-A6A9-702EC935A9A3}.Ad-Hoc|x64.Build.0 = Release|Any CPU
		{84E3937C-F7A3-4521-A6A9-702EC935A9A3}.Ad-Hoc|x86.ActiveCfg = Release|Any CPU
		{84E3937C-F7A3-4521-A6A9-702EC935A9A3}.Ad-Hoc|x86.Build.0 = Release|Any CPU
		{84E3937C-F7A3-4521-A6A9-702EC935A9A3}.AppStore|Any CPU.ActiveCfg = Release|Any CPU
		{84E3937C-F7A3-4521-A6A9-702EC935A9A3}.AppStore|Any CPU.Build.0 = Release|Any CPU
		{84E3937C-F7A3-4521-A6A9-702EC935A9A3}.AppStore|ARM.ActiveCfg = Release|Any CPU
		{84E3937C-F7A3-4521-A6A9-702EC935A9A3}.AppStore|ARM.Build.0 = Release|Any CPU
		{84E3937C-F7A3-4521-A6A9-702EC935A9A3}.AppStore|iPhone.ActiveCfg = Release|Any CPU
		{84E3937C-F7A3-4521-A6A9-702EC935A9A3}.AppStore|iPhone.Build.0 = Release|Any CPU
		{84E3937C-F7A3-4521-A6A9-702EC935A9A3}.AppStore|iPhoneSimulator.ActiveCfg = Release|Any CPU
		{84E3937C-F7A3-4521-A6A9-702EC935A9A3}.AppStore|iPhoneSimulator.Build.0 = Release|Any CPU
		{84E3937C-F7A3-4521-A6A9-702EC935A9A3}.AppStore|x64.ActiveCfg = Release|Any CPU
		{84E3937C-F7A3-4521-A6A9-702EC935A9A3}.AppStore|x64.Build.0 = Release|Any CPU
		{84E3937C-F7A3-4521-A6A9-702EC935A9A3}.AppStore|x86.ActiveCfg = Release|Any CPU
		{84E3937C-F7A3-4521-A6A9-702EC935A9A3}.AppStore|x86.Build.0 = Release|Any CPU
		{84E3937C-F7A3-4521-A6A9-702EC935A9A3}.Debug|Any CPU.ActiveCfg = Debug|Any CPU
		{84E3937C-F7A3-4521-A6A9-702EC935A9A3}.Debug|Any CPU.Build.0 = Debug|Any CPU
		{84E3937C-F7A3-4521-A6A9-702EC935A9A3}.Debug|ARM.ActiveCfg = Debug|Any CPU
		{84E3937C-F7A3-4521-A6A9-702EC935A9A3}.Debug|ARM.Build.0 = Debug|Any CPU
		{84E3937C-F7A3-4521-A6A9-702EC935A9A3}.Debug|iPhone.ActiveCfg = Debug|Any CPU
		{84E3937C-F7A3-4521-A6A9-702EC935A9A3}.Debug|iPhone.Build.0 = Debug|Any CPU
		{84E3937C-F7A3-4521-A6A9-702EC935A9A3}.Debug|iPhoneSimulator.ActiveCfg = Debug|Any CPU
		{84E3937C-F7A3-4521-A6A9-702EC935A9A3}.Debug|iPhoneSimulator.Build.0 = Debug|Any CPU
		{84E3937C-F7A3-4521-A6A9-702EC935A9A3}.Debug|x64.ActiveCfg = Debug|Any CPU
		{84E3937C-F7A3-4521-A6A9-702EC935A9A3}.Debug|x64.Build.0 = Debug|Any CPU
		{84E3937C-F7A3-4521-A6A9-702EC935A9A3}.Debug|x86.ActiveCfg = Debug|Any CPU
		{84E3937C-F7A3-4521-A6A9-702EC935A9A3}.Debug|x86.Build.0 = Debug|Any CPU
		{84E3937C-F7A3-4521-A6A9-702EC935A9A3}.Release|Any CPU.ActiveCfg = Release|Any CPU
		{84E3937C-F7A3-4521-A6A9-702EC935A9A3}.Release|Any CPU.Build.0 = Release|Any CPU
		{84E3937C-F7A3-4521-A6A9-702EC935A9A3}.Release|ARM.ActiveCfg = Release|Any CPU
		{84E3937C-F7A3-4521-A6A9-702EC935A9A3}.Release|ARM.Build.0 = Release|Any CPU
		{84E3937C-F7A3-4521-A6A9-702EC935A9A3}.Release|iPhone.ActiveCfg = Release|Any CPU
		{84E3937C-F7A3-4521-A6A9-702EC935A9A3}.Release|iPhone.Build.0 = Release|Any CPU
		{84E3937C-F7A3-4521-A6A9-702EC935A9A3}.Release|iPhoneSimulator.ActiveCfg = Release|Any CPU
		{84E3937C-F7A3-4521-A6A9-702EC935A9A3}.Release|iPhoneSimulator.Build.0 = Release|Any CPU
		{84E3937C-F7A3-4521-A6A9-702EC935A9A3}.Release|x64.ActiveCfg = Release|Any CPU
		{84E3937C-F7A3-4521-A6A9-702EC935A9A3}.Release|x64.Build.0 = Release|Any CPU
		{84E3937C-F7A3-4521-A6A9-702EC935A9A3}.Release|x86.ActiveCfg = Release|Any CPU
		{84E3937C-F7A3-4521-A6A9-702EC935A9A3}.Release|x86.Build.0 = Release|Any CPU
		{25D7897F-3B9B-4B7A-80C9-D115C49825EE}.Ad-Hoc|Any CPU.ActiveCfg = Release|Any CPU
		{25D7897F-3B9B-4B7A-80C9-D115C49825EE}.Ad-Hoc|Any CPU.Build.0 = Release|Any CPU
		{25D7897F-3B9B-4B7A-80C9-D115C49825EE}.Ad-Hoc|ARM.ActiveCfg = Release|Any CPU
		{25D7897F-3B9B-4B7A-80C9-D115C49825EE}.Ad-Hoc|ARM.Build.0 = Release|Any CPU
		{25D7897F-3B9B-4B7A-80C9-D115C49825EE}.Ad-Hoc|iPhone.ActiveCfg = Release|Any CPU
		{25D7897F-3B9B-4B7A-80C9-D115C49825EE}.Ad-Hoc|iPhone.Build.0 = Release|Any CPU
		{25D7897F-3B9B-4B7A-80C9-D115C49825EE}.Ad-Hoc|iPhoneSimulator.ActiveCfg = Release|Any CPU
		{25D7897F-3B9B-4B7A-80C9-D115C49825EE}.Ad-Hoc|iPhoneSimulator.Build.0 = Release|Any CPU
		{25D7897F-3B9B-4B7A-80C9-D115C49825EE}.Ad-Hoc|x64.ActiveCfg = Release|Any CPU
		{25D7897F-3B9B-4B7A-80C9-D115C49825EE}.Ad-Hoc|x64.Build.0 = Release|Any CPU
		{25D7897F-3B9B-4B7A-80C9-D115C49825EE}.Ad-Hoc|x86.ActiveCfg = Release|Any CPU
		{25D7897F-3B9B-4B7A-80C9-D115C49825EE}.Ad-Hoc|x86.Build.0 = Release|Any CPU
		{25D7897F-3B9B-4B7A-80C9-D115C49825EE}.AppStore|Any CPU.ActiveCfg = Release|Any CPU
		{25D7897F-3B9B-4B7A-80C9-D115C49825EE}.AppStore|Any CPU.Build.0 = Release|Any CPU
		{25D7897F-3B9B-4B7A-80C9-D115C49825EE}.AppStore|ARM.ActiveCfg = Release|Any CPU
		{25D7897F-3B9B-4B7A-80C9-D115C49825EE}.AppStore|ARM.Build.0 = Release|Any CPU
		{25D7897F-3B9B-4B7A-80C9-D115C49825EE}.AppStore|iPhone.ActiveCfg = Release|Any CPU
		{25D7897F-3B9B-4B7A-80C9-D115C49825EE}.AppStore|iPhone.Build.0 = Release|Any CPU
		{25D7897F-3B9B-4B7A-80C9-D115C49825EE}.AppStore|iPhoneSimulator.ActiveCfg = Release|Any CPU
		{25D7897F-3B9B-4B7A-80C9-D115C49825EE}.AppStore|iPhoneSimulator.Build.0 = Release|Any CPU
		{25D7897F-3B9B-4B7A-80C9-D115C49825EE}.AppStore|x64.ActiveCfg = Release|Any CPU
		{25D7897F-3B9B-4B7A-80C9-D115C49825EE}.AppStore|x64.Build.0 = Release|Any CPU
		{25D7897F-3B9B-4B7A-80C9-D115C49825EE}.AppStore|x86.ActiveCfg = Release|Any CPU
		{25D7897F-3B9B-4B7A-80C9-D115C49825EE}.AppStore|x86.Build.0 = Release|Any CPU
		{25D7897F-3B9B-4B7A-80C9-D115C49825EE}.Debug|Any CPU.ActiveCfg = Debug|Any CPU
		{25D7897F-3B9B-4B7A-80C9-D115C49825EE}.Debug|Any CPU.Build.0 = Debug|Any CPU
		{25D7897F-3B9B-4B7A-80C9-D115C49825EE}.Debug|ARM.ActiveCfg = Debug|Any CPU
		{25D7897F-3B9B-4B7A-80C9-D115C49825EE}.Debug|ARM.Build.0 = Debug|Any CPU
		{25D7897F-3B9B-4B7A-80C9-D115C49825EE}.Debug|iPhone.ActiveCfg = Debug|Any CPU
		{25D7897F-3B9B-4B7A-80C9-D115C49825EE}.Debug|iPhone.Build.0 = Debug|Any CPU
		{25D7897F-3B9B-4B7A-80C9-D115C49825EE}.Debug|iPhoneSimulator.ActiveCfg = Debug|Any CPU
		{25D7897F-3B9B-4B7A-80C9-D115C49825EE}.Debug|iPhoneSimulator.Build.0 = Debug|Any CPU
		{25D7897F-3B9B-4B7A-80C9-D115C49825EE}.Debug|x64.ActiveCfg = Debug|Any CPU
		{25D7897F-3B9B-4B7A-80C9-D115C49825EE}.Debug|x64.Build.0 = Debug|Any CPU
		{25D7897F-3B9B-4B7A-80C9-D115C49825EE}.Debug|x86.ActiveCfg = Debug|Any CPU
		{25D7897F-3B9B-4B7A-80C9-D115C49825EE}.Debug|x86.Build.0 = Debug|Any CPU
		{25D7897F-3B9B-4B7A-80C9-D115C49825EE}.Release|Any CPU.ActiveCfg = Release|Any CPU
		{25D7897F-3B9B-4B7A-80C9-D115C49825EE}.Release|Any CPU.Build.0 = Release|Any CPU
		{25D7897F-3B9B-4B7A-80C9-D115C49825EE}.Release|ARM.ActiveCfg = Release|Any CPU
		{25D7897F-3B9B-4B7A-80C9-D115C49825EE}.Release|ARM.Build.0 = Release|Any CPU
		{25D7897F-3B9B-4B7A-80C9-D115C49825EE}.Release|iPhone.ActiveCfg = Release|Any CPU
		{25D7897F-3B9B-4B7A-80C9-D115C49825EE}.Release|iPhone.Build.0 = Release|Any CPU
		{25D7897F-3B9B-4B7A-80C9-D115C49825EE}.Release|iPhoneSimulator.ActiveCfg = Release|Any CPU
		{25D7897F-3B9B-4B7A-80C9-D115C49825EE}.Release|iPhoneSimulator.Build.0 = Release|Any CPU
		{25D7897F-3B9B-4B7A-80C9-D115C49825EE}.Release|x64.ActiveCfg = Release|Any CPU
		{25D7897F-3B9B-4B7A-80C9-D115C49825EE}.Release|x64.Build.0 = Release|Any CPU
		{25D7897F-3B9B-4B7A-80C9-D115C49825EE}.Release|x86.ActiveCfg = Release|Any CPU
		{25D7897F-3B9B-4B7A-80C9-D115C49825EE}.Release|x86.Build.0 = Release|Any CPU
		{B025FD3E-47EA-4348-B364-651486745C22}.Ad-Hoc|Any CPU.ActiveCfg = Release|Any CPU
		{B025FD3E-47EA-4348-B364-651486745C22}.Ad-Hoc|Any CPU.Build.0 = Release|Any CPU
		{B025FD3E-47EA-4348-B364-651486745C22}.Ad-Hoc|ARM.ActiveCfg = Release|ARM
		{B025FD3E-47EA-4348-B364-651486745C22}.Ad-Hoc|ARM.Build.0 = Release|ARM
		{B025FD3E-47EA-4348-B364-651486745C22}.Ad-Hoc|iPhone.ActiveCfg = Release|Any CPU
		{B025FD3E-47EA-4348-B364-651486745C22}.Ad-Hoc|iPhone.Build.0 = Release|Any CPU
		{B025FD3E-47EA-4348-B364-651486745C22}.Ad-Hoc|iPhoneSimulator.ActiveCfg = Release|Any CPU
		{B025FD3E-47EA-4348-B364-651486745C22}.Ad-Hoc|iPhoneSimulator.Build.0 = Release|Any CPU
		{B025FD3E-47EA-4348-B364-651486745C22}.Ad-Hoc|x64.ActiveCfg = Release|x64
		{B025FD3E-47EA-4348-B364-651486745C22}.Ad-Hoc|x64.Build.0 = Release|x64
		{B025FD3E-47EA-4348-B364-651486745C22}.Ad-Hoc|x86.ActiveCfg = Release|x86
		{B025FD3E-47EA-4348-B364-651486745C22}.Ad-Hoc|x86.Build.0 = Release|x86
		{B025FD3E-47EA-4348-B364-651486745C22}.AppStore|Any CPU.ActiveCfg = Release|Any CPU
		{B025FD3E-47EA-4348-B364-651486745C22}.AppStore|Any CPU.Build.0 = Release|Any CPU
		{B025FD3E-47EA-4348-B364-651486745C22}.AppStore|ARM.ActiveCfg = Release|ARM
		{B025FD3E-47EA-4348-B364-651486745C22}.AppStore|ARM.Build.0 = Release|ARM
		{B025FD3E-47EA-4348-B364-651486745C22}.AppStore|iPhone.ActiveCfg = Release|Any CPU
		{B025FD3E-47EA-4348-B364-651486745C22}.AppStore|iPhone.Build.0 = Release|Any CPU
		{B025FD3E-47EA-4348-B364-651486745C22}.AppStore|iPhoneSimulator.ActiveCfg = Release|Any CPU
		{B025FD3E-47EA-4348-B364-651486745C22}.AppStore|iPhoneSimulator.Build.0 = Release|Any CPU
		{B025FD3E-47EA-4348-B364-651486745C22}.AppStore|x64.ActiveCfg = Release|x64
		{B025FD3E-47EA-4348-B364-651486745C22}.AppStore|x64.Build.0 = Release|x64
		{B025FD3E-47EA-4348-B364-651486745C22}.AppStore|x86.ActiveCfg = Release|x86
		{B025FD3E-47EA-4348-B364-651486745C22}.AppStore|x86.Build.0 = Release|x86
		{B025FD3E-47EA-4348-B364-651486745C22}.Debug|Any CPU.ActiveCfg = Debug|Any CPU
		{B025FD3E-47EA-4348-B364-651486745C22}.Debug|Any CPU.Build.0 = Debug|Any CPU
		{B025FD3E-47EA-4348-B364-651486745C22}.Debug|ARM.ActiveCfg = Debug|ARM
		{B025FD3E-47EA-4348-B364-651486745C22}.Debug|ARM.Build.0 = Debug|ARM
		{B025FD3E-47EA-4348-B364-651486745C22}.Debug|iPhone.ActiveCfg = Debug|Any CPU
		{B025FD3E-47EA-4348-B364-651486745C22}.Debug|iPhone.Build.0 = Debug|Any CPU
		{B025FD3E-47EA-4348-B364-651486745C22}.Debug|iPhoneSimulator.ActiveCfg = Debug|Any CPU
		{B025FD3E-47EA-4348-B364-651486745C22}.Debug|iPhoneSimulator.Build.0 = Debug|Any CPU
		{B025FD3E-47EA-4348-B364-651486745C22}.Debug|x64.ActiveCfg = Debug|x64
		{B025FD3E-47EA-4348-B364-651486745C22}.Debug|x64.Build.0 = Debug|x64
		{B025FD3E-47EA-4348-B364-651486745C22}.Debug|x86.ActiveCfg = Debug|x86
		{B025FD3E-47EA-4348-B364-651486745C22}.Debug|x86.Build.0 = Debug|x86
		{B025FD3E-47EA-4348-B364-651486745C22}.Release|Any CPU.ActiveCfg = Release|Any CPU
		{B025FD3E-47EA-4348-B364-651486745C22}.Release|Any CPU.Build.0 = Release|Any CPU
		{B025FD3E-47EA-4348-B364-651486745C22}.Release|ARM.ActiveCfg = Release|ARM
		{B025FD3E-47EA-4348-B364-651486745C22}.Release|ARM.Build.0 = Release|ARM
		{B025FD3E-47EA-4348-B364-651486745C22}.Release|iPhone.ActiveCfg = Release|Any CPU
		{B025FD3E-47EA-4348-B364-651486745C22}.Release|iPhone.Build.0 = Release|Any CPU
		{B025FD3E-47EA-4348-B364-651486745C22}.Release|iPhoneSimulator.ActiveCfg = Release|Any CPU
		{B025FD3E-47EA-4348-B364-651486745C22}.Release|iPhoneSimulator.Build.0 = Release|Any CPU
		{B025FD3E-47EA-4348-B364-651486745C22}.Release|x64.ActiveCfg = Release|x64
		{B025FD3E-47EA-4348-B364-651486745C22}.Release|x64.Build.0 = Release|x64
		{B025FD3E-47EA-4348-B364-651486745C22}.Release|x86.ActiveCfg = Release|x86
		{B025FD3E-47EA-4348-B364-651486745C22}.Release|x86.Build.0 = Release|x86
		{B455B48E-A605-4E0C-A558-F3CB3A34B654}.Ad-Hoc|Any CPU.ActiveCfg = Release|Any CPU
		{B455B48E-A605-4E0C-A558-F3CB3A34B654}.Ad-Hoc|Any CPU.Build.0 = Release|Any CPU
		{B455B48E-A605-4E0C-A558-F3CB3A34B654}.Ad-Hoc|ARM.ActiveCfg = Release|Any CPU
		{B455B48E-A605-4E0C-A558-F3CB3A34B654}.Ad-Hoc|ARM.Build.0 = Release|Any CPU
		{B455B48E-A605-4E0C-A558-F3CB3A34B654}.Ad-Hoc|iPhone.ActiveCfg = Release|Any CPU
		{B455B48E-A605-4E0C-A558-F3CB3A34B654}.Ad-Hoc|iPhone.Build.0 = Release|Any CPU
		{B455B48E-A605-4E0C-A558-F3CB3A34B654}.Ad-Hoc|iPhoneSimulator.ActiveCfg = Release|Any CPU
		{B455B48E-A605-4E0C-A558-F3CB3A34B654}.Ad-Hoc|iPhoneSimulator.Build.0 = Release|Any CPU
		{B455B48E-A605-4E0C-A558-F3CB3A34B654}.Ad-Hoc|x64.ActiveCfg = Release|Any CPU
		{B455B48E-A605-4E0C-A558-F3CB3A34B654}.Ad-Hoc|x64.Build.0 = Release|Any CPU
		{B455B48E-A605-4E0C-A558-F3CB3A34B654}.Ad-Hoc|x86.ActiveCfg = Release|Any CPU
		{B455B48E-A605-4E0C-A558-F3CB3A34B654}.Ad-Hoc|x86.Build.0 = Release|Any CPU
		{B455B48E-A605-4E0C-A558-F3CB3A34B654}.AppStore|Any CPU.ActiveCfg = Release|Any CPU
		{B455B48E-A605-4E0C-A558-F3CB3A34B654}.AppStore|Any CPU.Build.0 = Release|Any CPU
		{B455B48E-A605-4E0C-A558-F3CB3A34B654}.AppStore|ARM.ActiveCfg = Release|Any CPU
		{B455B48E-A605-4E0C-A558-F3CB3A34B654}.AppStore|ARM.Build.0 = Release|Any CPU
		{B455B48E-A605-4E0C-A558-F3CB3A34B654}.AppStore|iPhone.ActiveCfg = Release|Any CPU
		{B455B48E-A605-4E0C-A558-F3CB3A34B654}.AppStore|iPhone.Build.0 = Release|Any CPU
		{B455B48E-A605-4E0C-A558-F3CB3A34B654}.AppStore|iPhoneSimulator.ActiveCfg = Release|Any CPU
		{B455B48E-A605-4E0C-A558-F3CB3A34B654}.AppStore|iPhoneSimulator.Build.0 = Release|Any CPU
		{B455B48E-A605-4E0C-A558-F3CB3A34B654}.AppStore|x64.ActiveCfg = Release|Any CPU
		{B455B48E-A605-4E0C-A558-F3CB3A34B654}.AppStore|x64.Build.0 = Release|Any CPU
		{B455B48E-A605-4E0C-A558-F3CB3A34B654}.AppStore|x86.ActiveCfg = Release|Any CPU
		{B455B48E-A605-4E0C-A558-F3CB3A34B654}.AppStore|x86.Build.0 = Release|Any CPU
		{B455B48E-A605-4E0C-A558-F3CB3A34B654}.Debug|Any CPU.ActiveCfg = Debug|Any CPU
		{B455B48E-A605-4E0C-A558-F3CB3A34B654}.Debug|Any CPU.Build.0 = Debug|Any CPU
		{B455B48E-A605-4E0C-A558-F3CB3A34B654}.Debug|ARM.ActiveCfg = Debug|Any CPU
		{B455B48E-A605-4E0C-A558-F3CB3A34B654}.Debug|ARM.Build.0 = Debug|Any CPU
		{B455B48E-A605-4E0C-A558-F3CB3A34B654}.Debug|iPhone.ActiveCfg = Debug|Any CPU
		{B455B48E-A605-4E0C-A558-F3CB3A34B654}.Debug|iPhone.Build.0 = Debug|Any CPU
		{B455B48E-A605-4E0C-A558-F3CB3A34B654}.Debug|iPhoneSimulator.ActiveCfg = Debug|Any CPU
		{B455B48E-A605-4E0C-A558-F3CB3A34B654}.Debug|iPhoneSimulator.Build.0 = Debug|Any CPU
		{B455B48E-A605-4E0C-A558-F3CB3A34B654}.Debug|x64.ActiveCfg = Debug|Any CPU
		{B455B48E-A605-4E0C-A558-F3CB3A34B654}.Debug|x64.Build.0 = Debug|Any CPU
		{B455B48E-A605-4E0C-A558-F3CB3A34B654}.Debug|x86.ActiveCfg = Debug|Any CPU
		{B455B48E-A605-4E0C-A558-F3CB3A34B654}.Debug|x86.Build.0 = Debug|Any CPU
		{B455B48E-A605-4E0C-A558-F3CB3A34B654}.Release|Any CPU.ActiveCfg = Release|Any CPU
		{B455B48E-A605-4E0C-A558-F3CB3A34B654}.Release|Any CPU.Build.0 = Release|Any CPU
		{B455B48E-A605-4E0C-A558-F3CB3A34B654}.Release|ARM.ActiveCfg = Release|Any CPU
		{B455B48E-A605-4E0C-A558-F3CB3A34B654}.Release|ARM.Build.0 = Release|Any CPU
		{B455B48E-A605-4E0C-A558-F3CB3A34B654}.Release|iPhone.ActiveCfg = Release|Any CPU
		{B455B48E-A605-4E0C-A558-F3CB3A34B654}.Release|iPhone.Build.0 = Release|Any CPU
		{B455B48E-A605-4E0C-A558-F3CB3A34B654}.Release|iPhoneSimulator.ActiveCfg = Release|Any CPU
		{B455B48E-A605-4E0C-A558-F3CB3A34B654}.Release|iPhoneSimulator.Build.0 = Release|Any CPU
		{B455B48E-A605-4E0C-A558-F3CB3A34B654}.Release|x64.ActiveCfg = Release|Any CPU
		{B455B48E-A605-4E0C-A558-F3CB3A34B654}.Release|x64.Build.0 = Release|Any CPU
		{B455B48E-A605-4E0C-A558-F3CB3A34B654}.Release|x86.ActiveCfg = Release|Any CPU
		{B455B48E-A605-4E0C-A558-F3CB3A34B654}.Release|x86.Build.0 = Release|Any CPU
	EndGlobalSection
	GlobalSection(SolutionProperties) = preSolution
		HideSolutionNode = FALSE
	EndGlobalSection
	GlobalSection(NestedProjects) = preSolution
		{36A8B9A3-F307-4901-8191-A66E62DA623B} = {3B1C73A4-3474-432D-896F-A505D75D4CDF}
		{E5257A21-9DB1-473A-B587-FF470B6FFDA7} = {3B1C73A4-3474-432D-896F-A505D75D4CDF}
		{A2FECD52-E212-42F6-A407-FBFF6162BB0B} = {3B1C73A4-3474-432D-896F-A505D75D4CDF}
		{717D20F5-9278-48AF-B2D6-DB060A1619DB} = {DD4112FD-0666-4778-AC7C-160F0CB2D046}
		{6FC17D77-0436-4E9F-B0F8-6CC9922A7CB6} = {DD4112FD-0666-4778-AC7C-160F0CB2D046}
		{CED796E6-240A-47CF-BB2D-3FCD5EF5EF4F} = {DD4112FD-0666-4778-AC7C-160F0CB2D046}
		{E9300DA4-BCAA-405A-BE33-13E9810D1E8E} = {01B81993-09B1-4422-86D1-BA2133CD82F8}
		{73460527-E9C2-406F-8B29-51BECB67A442} = {01B81993-09B1-4422-86D1-BA2133CD82F8}
		{05783864-B2CB-4F02-A2C4-5A10849BF565} = {A6550371-BDED-4919-9F69-7BBDC01304F6}
		{E89E1CB8-A83E-43EF-8BB7-FFFAD7C432A2} = {A6550371-BDED-4919-9F69-7BBDC01304F6}
		{360F64F0-92AB-452D-A824-CC4BF131BC66} = {A6550371-BDED-4919-9F69-7BBDC01304F6}
		{2FBBB5FB-0DA5-4884-A981-DF6CDD378159} = {A6550371-BDED-4919-9F69-7BBDC01304F6}
		{E68AAFAE-2D4D-4A49-94C9-7805D9A6EB3A} = {C68FAF1C-CED7-413A-B561-79B4DCC3F226}
		{84E3937C-F7A3-4521-A6A9-702EC935A9A3} = {C68FAF1C-CED7-413A-B561-79B4DCC3F226}
		{25D7897F-3B9B-4B7A-80C9-D115C49825EE} = {C68FAF1C-CED7-413A-B561-79B4DCC3F226}
		{B025FD3E-47EA-4348-B364-651486745C22} = {01B81993-09B1-4422-86D1-BA2133CD82F8}
		{B455B48E-A605-4E0C-A558-F3CB3A34B654} = {A6550371-BDED-4919-9F69-7BBDC01304F6}
	EndGlobalSection
EndGlobal
